// !$*UTF8*$!
{
	archiveVersion = 1;
	classes = {
	};
	objectVersion = 46;
	objects = {

/* Begin PBXBuildFile section */
		841A068418CC784A00D8E98A /* CoreDataManager.m in Sources */ = {isa = PBXBuildFile; fileRef = 841A068318CC784A00D8E98A /* CoreDataManager.m */; };
		842C08C518BA249C001F2938 /* SettingsViewController.m in Sources */ = {isa = PBXBuildFile; fileRef = 842C08C418BA249C001F2938 /* SettingsViewController.m */; };
		84B109D018D8C85A00F59102 /* CDIncomeCategory.m in Sources */ = {isa = PBXBuildFile; fileRef = 84B109CF18D8C85A00F59102 /* CDIncomeCategory.m */; };
		84B109D318D8C85A00F59102 /* CDIncome.m in Sources */ = {isa = PBXBuildFile; fileRef = 84B109D218D8C85A00F59102 /* CDIncome.m */; };
		84B109D618D8C85A00F59102 /* CDExpenseCategory.m in Sources */ = {isa = PBXBuildFile; fileRef = 84B109D518D8C85A00F59102 /* CDExpenseCategory.m */; };
		84B109DC18D8C85A00F59102 /* CDExpense.m in Sources */ = {isa = PBXBuildFile; fileRef = 84B109DB18D8C85A00F59102 /* CDExpense.m */; };
		84E9F86818B91BC800F0C9C3 /* UIKit.framework in Frameworks */ = {isa = PBXBuildFile; fileRef = 84E9F86718B91BC800F0C9C3 /* UIKit.framework */; };
		84E9F86A18B91BC800F0C9C3 /* Foundation.framework in Frameworks */ = {isa = PBXBuildFile; fileRef = 84E9F86918B91BC800F0C9C3 /* Foundation.framework */; };
		84E9F86C18B91BC800F0C9C3 /* CoreGraphics.framework in Frameworks */ = {isa = PBXBuildFile; fileRef = 84E9F86B18B91BC800F0C9C3 /* CoreGraphics.framework */; };
		84E9F86E18B91BC800F0C9C3 /* CoreData.framework in Frameworks */ = {isa = PBXBuildFile; fileRef = 84E9F86D18B91BC800F0C9C3 /* CoreData.framework */; };
		84E9F87418B91BC800F0C9C3 /* InfoPlist.strings in Resources */ = {isa = PBXBuildFile; fileRef = 84E9F87218B91BC800F0C9C3 /* InfoPlist.strings */; };
		84E9F87618B91BC800F0C9C3 /* main.m in Sources */ = {isa = PBXBuildFile; fileRef = 84E9F87518B91BC800F0C9C3 /* main.m */; };
		84E9F87A18B91BC800F0C9C3 /* AppDelegate.m in Sources */ = {isa = PBXBuildFile; fileRef = 84E9F87918B91BC800F0C9C3 /* AppDelegate.m */; };
		84E9F87C18B91BC800F0C9C3 /* Default.png in Resources */ = {isa = PBXBuildFile; fileRef = 84E9F87B18B91BC800F0C9C3 /* Default.png */; };
		84E9F87E18B91BC800F0C9C3 /* Default@2x.png in Resources */ = {isa = PBXBuildFile; fileRef = 84E9F87D18B91BC800F0C9C3 /* Default@2x.png */; };
		84E9F88018B91BC800F0C9C3 /* Default-568h@2x.png in Resources */ = {isa = PBXBuildFile; fileRef = 84E9F87F18B91BC800F0C9C3 /* Default-568h@2x.png */; };
		84E9F88318B91BC900F0C9C3 /* BudgetControl.xcdatamodeld in Sources */ = {isa = PBXBuildFile; fileRef = 84E9F88118B91BC800F0C9C3 /* BudgetControl.xcdatamodeld */; };
		84E9F89118B91CB400F0C9C3 /* HomeViewController.m in Sources */ = {isa = PBXBuildFile; fileRef = 84E9F89018B91CB400F0C9C3 /* HomeViewController.m */; };
		84E9F89418B91F9A00F0C9C3 /* Storyboard.storyboard in Resources */ = {isa = PBXBuildFile; fileRef = 84E9F89318B91F9A00F0C9C3 /* Storyboard.storyboard */; };
		84E9F89718B9272600F0C9C3 /* Utilities.m in Sources */ = {isa = PBXBuildFile; fileRef = 84E9F89618B9272600F0C9C3 /* Utilities.m */; };
		A85490F418F3D144007B4F7F /* MDDebugObject.m in Sources */ = {isa = PBXBuildFile; fileRef = A85490F018F3D144007B4F7F /* MDDebugObject.m */; settings = {COMPILER_FLAGS = "-fno-objc-arc"; }; };
		A85490F518F3D144007B4F7F /* MDUtils.m in Sources */ = {isa = PBXBuildFile; fileRef = A85490F318F3D144007B4F7F /* MDUtils.m */; };
		A8A0694518F4113E00F00ABE /* SetBudgetViewController.m in Sources */ = {isa = PBXBuildFile; fileRef = A8A0694418F4113E00F00ABE /* SetBudgetViewController.m */; };
		A8A0694818F42DBD00F00ABE /* NewIncomeViewController.m in Sources */ = {isa = PBXBuildFile; fileRef = A8A0694718F42DBD00F00ABE /* NewIncomeViewController.m */; };
		A8A0694B18F5329800F00ABE /* CDBudget.m in Sources */ = {isa = PBXBuildFile; fileRef = A8A0694A18F5329800F00ABE /* CDBudget.m */; };
/* End PBXBuildFile section */

/* Begin PBXFileReference section */
		841A068218CC784A00D8E98A /* CoreDataManager.h */ = {isa = PBXFileReference; fileEncoding = 4; lastKnownFileType = sourcecode.c.h; path = CoreDataManager.h; sourceTree = "<group>"; };
		841A068318CC784A00D8E98A /* CoreDataManager.m */ = {isa = PBXFileReference; fileEncoding = 4; lastKnownFileType = sourcecode.c.objc; path = CoreDataManager.m; sourceTree = "<group>"; };
		842C08C318BA249C001F2938 /* SettingsViewController.h */ = {isa = PBXFileReference; fileEncoding = 4; lastKnownFileType = sourcecode.c.h; path = SettingsViewController.h; sourceTree = "<group>"; };
		842C08C418BA249C001F2938 /* SettingsViewController.m */ = {isa = PBXFileReference; fileEncoding = 4; lastKnownFileType = sourcecode.c.objc; path = SettingsViewController.m; sourceTree = "<group>"; };
		84B109CE18D8C85A00F59102 /* CDIncomeCategory.h */ = {isa = PBXFileReference; fileEncoding = 4; lastKnownFileType = sourcecode.c.h; path = CDIncomeCategory.h; sourceTree = "<group>"; };
		84B109CF18D8C85A00F59102 /* CDIncomeCategory.m */ = {isa = PBXFileReference; fileEncoding = 4; lastKnownFileType = sourcecode.c.objc; path = CDIncomeCategory.m; sourceTree = "<group>"; };
		84B109D118D8C85A00F59102 /* CDIncome.h */ = {isa = PBXFileReference; fileEncoding = 4; lastKnownFileType = sourcecode.c.h; path = CDIncome.h; sourceTree = "<group>"; };
		84B109D218D8C85A00F59102 /* CDIncome.m */ = {isa = PBXFileReference; fileEncoding = 4; lastKnownFileType = sourcecode.c.objc; path = CDIncome.m; sourceTree = "<group>"; };
		84B109D418D8C85A00F59102 /* CDExpenseCategory.h */ = {isa = PBXFileReference; fileEncoding = 4; lastKnownFileType = sourcecode.c.h; path = CDExpenseCategory.h; sourceTree = "<group>"; };
		84B109D518D8C85A00F59102 /* CDExpenseCategory.m */ = {isa = PBXFileReference; fileEncoding = 4; lastKnownFileType = sourcecode.c.objc; path = CDExpenseCategory.m; sourceTree = "<group>"; };
		84B109DA18D8C85A00F59102 /* CDExpense.h */ = {isa = PBXFileReference; fileEncoding = 4; lastKnownFileType = sourcecode.c.h; path = CDExpense.h; sourceTree = "<group>"; };
		84B109DB18D8C85A00F59102 /* CDExpense.m */ = {isa = PBXFileReference; fileEncoding = 4; lastKnownFileType = sourcecode.c.objc; path = CDExpense.m; sourceTree = "<group>"; };
		84E9F86418B91BC800F0C9C3 /* BudgetControl.app */ = {isa = PBXFileReference; explicitFileType = wrapper.application; includeInIndex = 0; path = BudgetControl.app; sourceTree = BUILT_PRODUCTS_DIR; };
		84E9F86718B91BC800F0C9C3 /* UIKit.framework */ = {isa = PBXFileReference; lastKnownFileType = wrapper.framework; name = UIKit.framework; path = System/Library/Frameworks/UIKit.framework; sourceTree = SDKROOT; };
		84E9F86918B91BC800F0C9C3 /* Foundation.framework */ = {isa = PBXFileReference; lastKnownFileType = wrapper.framework; name = Foundation.framework; path = System/Library/Frameworks/Foundation.framework; sourceTree = SDKROOT; };
		84E9F86B18B91BC800F0C9C3 /* CoreGraphics.framework */ = {isa = PBXFileReference; lastKnownFileType = wrapper.framework; name = CoreGraphics.framework; path = System/Library/Frameworks/CoreGraphics.framework; sourceTree = SDKROOT; };
		84E9F86D18B91BC800F0C9C3 /* CoreData.framework */ = {isa = PBXFileReference; lastKnownFileType = wrapper.framework; name = CoreData.framework; path = System/Library/Frameworks/CoreData.framework; sourceTree = SDKROOT; };
		84E9F87118B91BC800F0C9C3 /* BudgetControl-Info.plist */ = {isa = PBXFileReference; lastKnownFileType = text.plist.xml; path = "BudgetControl-Info.plist"; sourceTree = "<group>"; };
		84E9F87318B91BC800F0C9C3 /* en */ = {isa = PBXFileReference; lastKnownFileType = text.plist.strings; name = en; path = en.lproj/InfoPlist.strings; sourceTree = "<group>"; };
		84E9F87518B91BC800F0C9C3 /* main.m */ = {isa = PBXFileReference; lastKnownFileType = sourcecode.c.objc; path = main.m; sourceTree = "<group>"; };
		84E9F87718B91BC800F0C9C3 /* BudgetControl-Prefix.pch */ = {isa = PBXFileReference; lastKnownFileType = sourcecode.c.h; path = "BudgetControl-Prefix.pch"; sourceTree = "<group>"; };
		84E9F87818B91BC800F0C9C3 /* AppDelegate.h */ = {isa = PBXFileReference; lastKnownFileType = sourcecode.c.h; path = AppDelegate.h; sourceTree = "<group>"; };
		84E9F87918B91BC800F0C9C3 /* AppDelegate.m */ = {isa = PBXFileReference; lastKnownFileType = sourcecode.c.objc; path = AppDelegate.m; sourceTree = "<group>"; };
		84E9F87B18B91BC800F0C9C3 /* Default.png */ = {isa = PBXFileReference; lastKnownFileType = image.png; path = Default.png; sourceTree = "<group>"; };
		84E9F87D18B91BC800F0C9C3 /* Default@2x.png */ = {isa = PBXFileReference; lastKnownFileType = image.png; path = "Default@2x.png"; sourceTree = "<group>"; };
		84E9F87F18B91BC800F0C9C3 /* Default-568h@2x.png */ = {isa = PBXFileReference; lastKnownFileType = image.png; path = "Default-568h@2x.png"; sourceTree = "<group>"; };
		84E9F88218B91BC800F0C9C3 /* BudgetControl.xcdatamodel */ = {isa = PBXFileReference; lastKnownFileType = wrapper.xcdatamodel; path = BudgetControl.xcdatamodel; sourceTree = "<group>"; };
		84E9F88E18B91C8600F0C9C3 /* Defines.h */ = {isa = PBXFileReference; lastKnownFileType = sourcecode.c.h; path = Defines.h; sourceTree = "<group>"; };
		84E9F88F18B91CB400F0C9C3 /* HomeViewController.h */ = {isa = PBXFileReference; fileEncoding = 4; lastKnownFileType = sourcecode.c.h; path = HomeViewController.h; sourceTree = "<group>"; };
		84E9F89018B91CB400F0C9C3 /* HomeViewController.m */ = {isa = PBXFileReference; fileEncoding = 4; lastKnownFileType = sourcecode.c.objc; path = HomeViewController.m; sourceTree = "<group>"; };
		84E9F89318B91F9A00F0C9C3 /* Storyboard.storyboard */ = {isa = PBXFileReference; fileEncoding = 4; lastKnownFileType = file.storyboard; path = Storyboard.storyboard; sourceTree = "<group>"; };
		84E9F89518B9272600F0C9C3 /* Utilities.h */ = {isa = PBXFileReference; fileEncoding = 4; lastKnownFileType = sourcecode.c.h; path = Utilities.h; sourceTree = "<group>"; };
		84E9F89618B9272600F0C9C3 /* Utilities.m */ = {isa = PBXFileReference; fileEncoding = 4; lastKnownFileType = sourcecode.c.objc; path = Utilities.m; sourceTree = "<group>"; };
		A85490EE18F3D144007B4F7F /* MDDebug.h */ = {isa = PBXFileReference; fileEncoding = 4; lastKnownFileType = sourcecode.c.h; path = MDDebug.h; sourceTree = "<group>"; };
		A85490EF18F3D144007B4F7F /* MDDebugObject.h */ = {isa = PBXFileReference; fileEncoding = 4; lastKnownFileType = sourcecode.c.h; path = MDDebugObject.h; sourceTree = "<group>"; };
		A85490F018F3D144007B4F7F /* MDDebugObject.m */ = {isa = PBXFileReference; fileEncoding = 4; lastKnownFileType = sourcecode.c.objc; path = MDDebugObject.m; sourceTree = "<group>"; };
		A85490F118F3D144007B4F7F /* MDMacros.h */ = {isa = PBXFileReference; fileEncoding = 4; lastKnownFileType = sourcecode.c.h; path = MDMacros.h; sourceTree = "<group>"; };
		A85490F218F3D144007B4F7F /* MDUtils.h */ = {isa = PBXFileReference; fileEncoding = 4; lastKnownFileType = sourcecode.c.h; path = MDUtils.h; sourceTree = "<group>"; };
		A85490F318F3D144007B4F7F /* MDUtils.m */ = {isa = PBXFileReference; fileEncoding = 4; lastKnownFileType = sourcecode.c.objc; path = MDUtils.m; sourceTree = "<group>"; };
		A8A0694318F4113E00F00ABE /* SetBudgetViewController.h */ = {isa = PBXFileReference; fileEncoding = 4; lastKnownFileType = sourcecode.c.h; path = SetBudgetViewController.h; sourceTree = "<group>"; };
		A8A0694418F4113E00F00ABE /* SetBudgetViewController.m */ = {isa = PBXFileReference; fileEncoding = 4; lastKnownFileType = sourcecode.c.objc; path = SetBudgetViewController.m; sourceTree = "<group>"; };
		A8A0694618F42DBD00F00ABE /* NewIncomeViewController.h */ = {isa = PBXFileReference; fileEncoding = 4; lastKnownFileType = sourcecode.c.h; path = NewIncomeViewController.h; sourceTree = "<group>"; };
		A8A0694718F42DBD00F00ABE /* NewIncomeViewController.m */ = {isa = PBXFileReference; fileEncoding = 4; lastKnownFileType = sourcecode.c.objc; path = NewIncomeViewController.m; sourceTree = "<group>"; };
		A8A0694918F5329800F00ABE /* CDBudget.h */ = {isa = PBXFileReference; fileEncoding = 4; lastKnownFileType = sourcecode.c.h; path = CDBudget.h; sourceTree = "<group>"; };
		A8A0694A18F5329800F00ABE /* CDBudget.m */ = {isa = PBXFileReference; fileEncoding = 4; lastKnownFileType = sourcecode.c.objc; path = CDBudget.m; sourceTree = "<group>"; };
/* End PBXFileReference section */

/* Begin PBXFrameworksBuildPhase section */
		84E9F86118B91BC800F0C9C3 /* Frameworks */ = {
			isa = PBXFrameworksBuildPhase;
			buildActionMask = 2147483647;
			files = (
				84E9F86818B91BC800F0C9C3 /* UIKit.framework in Frameworks */,
				84E9F86A18B91BC800F0C9C3 /* Foundation.framework in Frameworks */,
				84E9F86C18B91BC800F0C9C3 /* CoreGraphics.framework in Frameworks */,
				84E9F86E18B91BC800F0C9C3 /* CoreData.framework in Frameworks */,
			);
			runOnlyForDeploymentPostprocessing = 0;
		};
/* End PBXFrameworksBuildPhase section */

/* Begin PBXGroup section */
		841A068118CC6D2600D8E98A /* Managers */ = {
			isa = PBXGroup;
			children = (
				841A068218CC784A00D8E98A /* CoreDataManager.h */,
				841A068318CC784A00D8E98A /* CoreDataManager.m */,
			);
			name = Managers;
			sourceTree = "<group>";
		};
		84415E3018B93A380013B301 /* CoreDataModel */ = {
			isa = PBXGroup;
			children = (
				A8A0694918F5329800F00ABE /* CDBudget.h */,
				A8A0694A18F5329800F00ABE /* CDBudget.m */,
				84B109DA18D8C85A00F59102 /* CDExpense.h */,
				84B109DB18D8C85A00F59102 /* CDExpense.m */,
				84B109D418D8C85A00F59102 /* CDExpenseCategory.h */,
				84B109D518D8C85A00F59102 /* CDExpenseCategory.m */,
				84B109D118D8C85A00F59102 /* CDIncome.h */,
				84B109D218D8C85A00F59102 /* CDIncome.m */,
				84B109CE18D8C85A00F59102 /* CDIncomeCategory.h */,
				84B109CF18D8C85A00F59102 /* CDIncomeCategory.m */,
			);
			name = CoreDataModel;
			sourceTree = "<group>";
		};
		84E9F85B18B91BC800F0C9C3 = {
			isa = PBXGroup;
			children = (
				84E9F86F18B91BC800F0C9C3 /* BudgetControl */,
				84E9F86618B91BC800F0C9C3 /* Frameworks */,
				84E9F86518B91BC800F0C9C3 /* Products */,
			);
			sourceTree = "<group>";
		};
		84E9F86518B91BC800F0C9C3 /* Products */ = {
			isa = PBXGroup;
			children = (
				84E9F86418B91BC800F0C9C3 /* BudgetControl.app */,
			);
			name = Products;
			sourceTree = "<group>";
		};
		84E9F86618B91BC800F0C9C3 /* Frameworks */ = {
			isa = PBXGroup;
			children = (
				84E9F86718B91BC800F0C9C3 /* UIKit.framework */,
				84E9F86918B91BC800F0C9C3 /* Foundation.framework */,
				84E9F86B18B91BC800F0C9C3 /* CoreGraphics.framework */,
				84E9F86D18B91BC800F0C9C3 /* CoreData.framework */,
			);
			name = Frameworks;
			sourceTree = "<group>";
		};
		84E9F86F18B91BC800F0C9C3 /* BudgetControl */ = {
			isa = PBXGroup;
			children = (
				A85490EC18F3D144007B4F7F /* Externals */,
				84E9F88918B91BE900F0C9C3 /* Classes */,
				84E9F88A18B91BF800F0C9C3 /* Resourses */,
				84E9F87018B91BC800F0C9C3 /* Supporting Files */,
			);
			path = BudgetControl;
			sourceTree = "<group>";
		};
		84E9F87018B91BC800F0C9C3 /* Supporting Files */ = {
			isa = PBXGroup;
			children = (
				84E9F87118B91BC800F0C9C3 /* BudgetControl-Info.plist */,
				84E9F87218B91BC800F0C9C3 /* InfoPlist.strings */,
				84E9F87518B91BC800F0C9C3 /* main.m */,
				84E9F87718B91BC800F0C9C3 /* BudgetControl-Prefix.pch */,
				84E9F87B18B91BC800F0C9C3 /* Default.png */,
				84E9F87D18B91BC800F0C9C3 /* Default@2x.png */,
				84E9F87F18B91BC800F0C9C3 /* Default-568h@2x.png */,
			);
			name = "Supporting Files";
			sourceTree = "<group>";
		};
		84E9F88918B91BE900F0C9C3 /* Classes */ = {
			isa = PBXGroup;
			children = (
				84E9F88E18B91C8600F0C9C3 /* Defines.h */,
				84E9F87818B91BC800F0C9C3 /* AppDelegate.h */,
				84E9F87918B91BC800F0C9C3 /* AppDelegate.m */,
				84E9F88B18B91C2C00F0C9C3 /* Model */,
				84E9F88C18B91C3400F0C9C3 /* Views */,
				84E9F88D18B91C4000F0C9C3 /* Controllers */,
				84E9F89818B9272F00F0C9C3 /* Settings */,
			);
			name = Classes;
			sourceTree = "<group>";
		};
		84E9F88A18B91BF800F0C9C3 /* Resourses */ = {
			isa = PBXGroup;
			children = (
				84E9F89318B91F9A00F0C9C3 /* Storyboard.storyboard */,
				84E9F89218B91CE200F0C9C3 /* CoreData */,
				A8678AA118F53861009593A8 /* Sqlite */,
			);
			name = Resourses;
			sourceTree = "<group>";
		};
		84E9F88B18B91C2C00F0C9C3 /* Model */ = {
			isa = PBXGroup;
			children = (
				841A068118CC6D2600D8E98A /* Managers */,
				84415E3018B93A380013B301 /* CoreDataModel */,
			);
			name = Model;
			sourceTree = "<group>";
		};
		84E9F88C18B91C3400F0C9C3 /* Views */ = {
			isa = PBXGroup;
			children = (
			);
			name = Views;
			sourceTree = "<group>";
		};
		84E9F88D18B91C4000F0C9C3 /* Controllers */ = {
			isa = PBXGroup;
			children = (
				84E9F88F18B91CB400F0C9C3 /* HomeViewController.h */,
				84E9F89018B91CB400F0C9C3 /* HomeViewController.m */,
				842C08C318BA249C001F2938 /* SettingsViewController.h */,
				842C08C418BA249C001F2938 /* SettingsViewController.m */,
				A8A0694618F42DBD00F00ABE /* NewIncomeViewController.h */,
				A8A0694718F42DBD00F00ABE /* NewIncomeViewController.m */,
				A8A0694318F4113E00F00ABE /* SetBudgetViewController.h */,
				A8A0694418F4113E00F00ABE /* SetBudgetViewController.m */,
			);
			name = Controllers;
			sourceTree = "<group>";
		};
		84E9F89218B91CE200F0C9C3 /* CoreData */ = {
			isa = PBXGroup;
			children = (
				84E9F88118B91BC800F0C9C3 /* BudgetControl.xcdatamodeld */,
			);
			name = CoreData;
			sourceTree = "<group>";
		};
		84E9F89818B9272F00F0C9C3 /* Settings */ = {
			isa = PBXGroup;
			children = (
				84E9F89518B9272600F0C9C3 /* Utilities.h */,
				84E9F89618B9272600F0C9C3 /* Utilities.m */,
			);
			name = Settings;
			sourceTree = "<group>";
		};
		A85490EC18F3D144007B4F7F /* Externals */ = {
			isa = PBXGroup;
			children = (
				A85490ED18F3D144007B4F7F /* DebugAndUtils */,
			);
			path = Externals;
			sourceTree = SOURCE_ROOT;
		};
		A85490ED18F3D144007B4F7F /* DebugAndUtils */ = {
			isa = PBXGroup;
			children = (
				A85490EE18F3D144007B4F7F /* MDDebug.h */,
				A85490EF18F3D144007B4F7F /* MDDebugObject.h */,
				A85490F018F3D144007B4F7F /* MDDebugObject.m */,
				A85490F118F3D144007B4F7F /* MDMacros.h */,
				A85490F218F3D144007B4F7F /* MDUtils.h */,
				A85490F318F3D144007B4F7F /* MDUtils.m */,
			);
			path = DebugAndUtils;
			sourceTree = "<group>";
		};
		A8678AA118F53861009593A8 /* Sqlite */ = {
			isa = PBXGroup;
			children = (
			);
			name = Sqlite;
			path = Resourses/Sqlite;
			sourceTree = SOURCE_ROOT;
		};
/* End PBXGroup section */

/* Begin PBXNativeTarget section */
		84E9F86318B91BC800F0C9C3 /* BudgetControl */ = {
			isa = PBXNativeTarget;
			buildConfigurationList = 84E9F88618B91BC900F0C9C3 /* Build configuration list for PBXNativeTarget "BudgetControl" */;
			buildPhases = (
				84E9F86018B91BC800F0C9C3 /* Sources */,
				84E9F86118B91BC800F0C9C3 /* Frameworks */,
				84E9F86218B91BC800F0C9C3 /* Resources */,
			);
			buildRules = (
			);
			dependencies = (
			);
			name = BudgetControl;
			productName = BudgetControl;
			productReference = 84E9F86418B91BC800F0C9C3 /* BudgetControl.app */;
			productType = "com.apple.product-type.application";
		};
/* End PBXNativeTarget section */

/* Begin PBXProject section */
		84E9F85C18B91BC800F0C9C3 /* Project object */ = {
			isa = PBXProject;
			attributes = {
				LastUpgradeCheck = 0460;
				ORGANIZATIONNAME = Roma;
			};
			buildConfigurationList = 84E9F85F18B91BC800F0C9C3 /* Build configuration list for PBXProject "BudgetControl" */;
			compatibilityVersion = "Xcode 3.2";
			developmentRegion = English;
			hasScannedForEncodings = 0;
			knownRegions = (
				en,
			);
			mainGroup = 84E9F85B18B91BC800F0C9C3;
			productRefGroup = 84E9F86518B91BC800F0C9C3 /* Products */;
			projectDirPath = "";
			projectRoot = "";
			targets = (
				84E9F86318B91BC800F0C9C3 /* BudgetControl */,
			);
		};
/* End PBXProject section */

/* Begin PBXResourcesBuildPhase section */
		84E9F86218B91BC800F0C9C3 /* Resources */ = {
			isa = PBXResourcesBuildPhase;
			buildActionMask = 2147483647;
			files = (
				84E9F87418B91BC800F0C9C3 /* InfoPlist.strings in Resources */,
				84E9F87C18B91BC800F0C9C3 /* Default.png in Resources */,
				84E9F87E18B91BC800F0C9C3 /* Default@2x.png in Resources */,
				84E9F88018B91BC800F0C9C3 /* Default-568h@2x.png in Resources */,
				84E9F89418B91F9A00F0C9C3 /* Storyboard.storyboard in Resources */,
			);
			runOnlyForDeploymentPostprocessing = 0;
		};
/* End PBXResourcesBuildPhase section */

/* Begin PBXSourcesBuildPhase section */
		84E9F86018B91BC800F0C9C3 /* Sources */ = {
			isa = PBXSourcesBuildPhase;
			buildActionMask = 2147483647;
			files = (
				84E9F87618B91BC800F0C9C3 /* main.m in Sources */,
				84E9F87A18B91BC800F0C9C3 /* AppDelegate.m in Sources */,
				84E9F88318B91BC900F0C9C3 /* BudgetControl.xcdatamodeld in Sources */,
				84E9F89118B91CB400F0C9C3 /* HomeViewController.m in Sources */,
				84E9F89718B9272600F0C9C3 /* Utilities.m in Sources */,
				A85490F418F3D144007B4F7F /* MDDebugObject.m in Sources */,
				842C08C518BA249C001F2938 /* SettingsViewController.m in Sources */,
				841A068418CC784A00D8E98A /* CoreDataManager.m in Sources */,
				A8A0694818F42DBD00F00ABE /* NewIncomeViewController.m in Sources */,
				A8A0694B18F5329800F00ABE /* CDBudget.m in Sources */,
				84B109D018D8C85A00F59102 /* CDIncomeCategory.m in Sources */,
				A8A0694518F4113E00F00ABE /* SetBudgetViewController.m in Sources */,
				84B109D318D8C85A00F59102 /* CDIncome.m in Sources */,
				84B109D618D8C85A00F59102 /* CDExpenseCategory.m in Sources */,
				A85490F518F3D144007B4F7F /* MDUtils.m in Sources */,
				84B109DC18D8C85A00F59102 /* CDExpense.m in Sources */,
			);
			runOnlyForDeploymentPostprocessing = 0;
		};
/* End PBXSourcesBuildPhase section */

/* Begin PBXVariantGroup section */
		84E9F87218B91BC800F0C9C3 /* InfoPlist.strings */ = {
			isa = PBXVariantGroup;
			children = (
				84E9F87318B91BC800F0C9C3 /* en */,
			);
			name = InfoPlist.strings;
			sourceTree = "<group>";
		};
/* End PBXVariantGroup section */

/* Begin XCBuildConfiguration section */
		84E9F88418B91BC900F0C9C3 /* Debug */ = {
			isa = XCBuildConfiguration;
			buildSettings = {
				ALWAYS_SEARCH_USER_PATHS = NO;
				CLANG_CXX_LANGUAGE_STANDARD = "gnu++0x";
				CLANG_CXX_LIBRARY = "libc++";
				CLANG_ENABLE_OBJC_ARC = YES;
				CLANG_WARN_CONSTANT_CONVERSION = YES;
				CLANG_WARN_EMPTY_BODY = YES;
				CLANG_WARN_ENUM_CONVERSION = YES;
				CLANG_WARN_INT_CONVERSION = YES;
				CLANG_WARN__DUPLICATE_METHOD_MATCH = YES;
				"CODE_SIGN_IDENTITY[sdk=iphoneos*]" = "iPhone Developer";
				COPY_PHASE_STRIP = NO;
				GCC_C_LANGUAGE_STANDARD = gnu99;
				GCC_DYNAMIC_NO_PIC = NO;
				GCC_OPTIMIZATION_LEVEL = 0;
				GCC_PREPROCESSOR_DEFINITIONS = (
					"DEBUG=1",
					"$(inherited)",
				);
				GCC_SYMBOLS_PRIVATE_EXTERN = NO;
				GCC_WARN_ABOUT_RETURN_TYPE = YES;
				GCC_WARN_UNINITIALIZED_AUTOS = YES;
				GCC_WARN_UNUSED_VARIABLE = YES;
				IPHONEOS_DEPLOYMENT_TARGET = 6.1;
				ONLY_ACTIVE_ARCH = YES;
				SDKROOT = iphoneos;
				TARGETED_DEVICE_FAMILY = "1,2";
			};
			name = Debug;
		};
		84E9F88518B91BC900F0C9C3 /* Release */ = {
			isa = XCBuildConfiguration;
			buildSettings = {
				ALWAYS_SEARCH_USER_PATHS = NO;
				CLANG_CXX_LANGUAGE_STANDARD = "gnu++0x";
				CLANG_CXX_LIBRARY = "libc++";
				CLANG_ENABLE_OBJC_ARC = YES;
				CLANG_WARN_CONSTANT_CONVERSION = YES;
				CLANG_WARN_EMPTY_BODY = YES;
				CLANG_WARN_ENUM_CONVERSION = YES;
				CLANG_WARN_INT_CONVERSION = YES;
				CLANG_WARN__DUPLICATE_METHOD_MATCH = YES;
				"CODE_SIGN_IDENTITY[sdk=iphoneos*]" = "iPhone Developer";
				COPY_PHASE_STRIP = YES;
				GCC_C_LANGUAGE_STANDARD = gnu99;
				GCC_WARN_ABOUT_RETURN_TYPE = YES;
				GCC_WARN_UNINITIALIZED_AUTOS = YES;
				GCC_WARN_UNUSED_VARIABLE = YES;
				IPHONEOS_DEPLOYMENT_TARGET = 6.1;
				OTHER_CFLAGS = "-DNS_BLOCK_ASSERTIONS=1";
				SDKROOT = iphoneos;
				TARGETED_DEVICE_FAMILY = "1,2";
				VALIDATE_PRODUCT = YES;
			};
			name = Release;
		};
		84E9F88718B91BC900F0C9C3 /* Debug */ = {
			isa = XCBuildConfiguration;
			buildSettings = {
				GCC_PRECOMPILE_PREFIX_HEADER = YES;
				GCC_PREFIX_HEADER = "BudgetControl/BudgetControl-Prefix.pch";
				INFOPLIST_FILE = "BudgetControl/BudgetControl-Info.plist";
				PRODUCT_NAME = "$(TARGET_NAME)";
				WRAPPER_EXTENSION = app;
			};
			name = Debug;
		};
		84E9F88818B91BC900F0C9C3 /* Release */ = {
			isa = XCBuildConfiguration;
			buildSettings = {
				GCC_PRECOMPILE_PREFIX_HEADER = YES;
				GCC_PREFIX_HEADER = "BudgetControl/BudgetControl-Prefix.pch";
				INFOPLIST_FILE = "BudgetControl/BudgetControl-Info.plist";
				PRODUCT_NAME = "$(TARGET_NAME)";
				WRAPPER_EXTENSION = app;
			};
			name = Release;
		};
/* End XCBuildConfiguration section */

/* Begin XCConfigurationList section */
		84E9F85F18B91BC800F0C9C3 /* Build configuration list for PBXProject "BudgetControl" */ = {
			isa = XCConfigurationList;
			buildConfigurations = (
				84E9F88418B91BC900F0C9C3 /* Debug */,
				84E9F88518B91BC900F0C9C3 /* Release */,
			);
			defaultConfigurationIsVisible = 0;
			defaultConfigurationName = Release;
		};
		84E9F88618B91BC900F0C9C3 /* Build configuration list for PBXNativeTarget "BudgetControl" */ = {
			isa = XCConfigurationList;
			buildConfigurations = (
				84E9F88718B91BC900F0C9C3 /* Debug */,
				84E9F88818B91BC900F0C9C3 /* Release */,
			);
			defaultConfigurationIsVisible = 0;
			defaultConfigurationName = Release;
		};
/* End XCConfigurationList section */

/* Begin XCVersionGroup section */
		84E9F88118B91BC800F0C9C3 /* BudgetControl.xcdatamodeld */ = {
			isa = XCVersionGroup;
			children = (
				84E9F88218B91BC800F0C9C3 /* BudgetControl.xcdatamodel */,
			);
			currentVersion = 84E9F88218B91BC800F0C9C3 /* BudgetControl.xcdatamodel */;
			path = BudgetControl.xcdatamodeld;
			sourceTree = "<group>";
			versionGroupType = wrapper.xcdatamodel;
		};
/* End XCVersionGroup section */
	};
	rootObject = 84E9F85C18B91BC800F0C9C3 /* Project object */;
}
