// !$*UTF8*$!
{
	archiveVersion = 1;
	classes = {
	};
	objectVersion = 46;
	objects = {

/* Begin PBXBuildFile section */
		841A068418CC784A00D8E98A /* CoreDataManager.m in Sources */ = {isa = PBXBuildFile; fileRef = 841A068318CC784A00D8E98A /* CoreDataManager.m */; };
		842C08C518BA249C001F2938 /* SettingsViewController.m in Sources */ = {isa = PBXBuildFile; fileRef = 842C08C418BA249C001F2938 /* SettingsViewController.m */; };
		84B109D018D8C85A00F59102 /* CDIncomeCategory.m in Sources */ = {isa = PBXBuildFile; fileRef = 84B109CF18D8C85A00F59102 /* CDIncomeCategory.m */; };
		84B109D318D8C85A00F59102 /* CDIncome.m in Sources */ = {isa = PBXBuildFile; fileRef = 84B109D218D8C85A00F59102 /* CDIncome.m */; };
		84B109D618D8C85A00F59102 /* CDExpenseCategory.m in Sources */ = {isa = PBXBuildFile; fileRef = 84B109D518D8C85A00F59102 /* CDExpenseCategory.m */; };
		84B109DC18D8C85A00F59102 /* CDExpense.m in Sources */ = {isa = PBXBuildFile; fileRef = 84B109DB18D8C85A00F59102 /* CDExpense.m */; };
		84E9F86818B91BC800F0C9C3 /* UIKit.framework in Frameworks */ = {isa = PBXBuildFile; fileRef = 84E9F86718B91BC800F0C9C3 /* UIKit.framework */; };
		84E9F86A18B91BC800F0C9C3 /* Foundation.framework in Frameworks */ = {isa = PBXBuildFile; fileRef = 84E9F86918B91BC800F0C9C3 /* Foundation.framework */; };
		84E9F86C18B91BC800F0C9C3 /* CoreGraphics.framework in Frameworks */ = {isa = PBXBuildFile; fileRef = 84E9F86B18B91BC800F0C9C3 /* CoreGraphics.framework */; };
		84E9F86E18B91BC800F0C9C3 /* CoreData.framework in Frameworks */ = {isa = PBXBuildFile; fileRef = 84E9F86D18B91BC800F0C9C3 /* CoreData.framework */; };
		84E9F87418B91BC800F0C9C3 /* InfoPlist.strings in Resources */ = {isa = PBXBuildFile; fileRef = 84E9F87218B91BC800F0C9C3 /* InfoPlist.strings */; };
		84E9F87618B91BC800F0C9C3 /* main.m in Sources */ = {isa = PBXBuildFile; fileRef = 84E9F87518B91BC800F0C9C3 /* main.m */; };
		84E9F87A18B91BC800F0C9C3 /* AppDelegate.m in Sources */ = {isa = PBXBuildFile; fileRef = 84E9F87918B91BC800F0C9C3 /* AppDelegate.m */; };
		84E9F87C18B91BC800F0C9C3 /* Default.png in Resources */ = {isa = PBXBuildFile; fileRef = 84E9F87B18B91BC800F0C9C3 /* Default.png */; };
		84E9F87E18B91BC800F0C9C3 /* Default@2x.png in Resources */ = {isa = PBXBuildFile; fileRef = 84E9F87D18B91BC800F0C9C3 /* Default@2x.png */; };
		84E9F88018B91BC800F0C9C3 /* Default-568h@2x.png in Resources */ = {isa = PBXBuildFile; fileRef = 84E9F87F18B91BC800F0C9C3 /* Default-568h@2x.png */; };
		84E9F88318B91BC900F0C9C3 /* BudgetControl.xcdatamodeld in Sources */ = {isa = PBXBuildFile; fileRef = 84E9F88118B91BC800F0C9C3 /* BudgetControl.xcdatamodeld */; };
		84E9F89118B91CB400F0C9C3 /* HomeViewController.m in Sources */ = {isa = PBXBuildFile; fileRef = 84E9F89018B91CB400F0C9C3 /* HomeViewController.m */; };
		84E9F89418B91F9A00F0C9C3 /* Storyboard.storyboard in Resources */ = {isa = PBXBuildFile; fileRef = 84E9F89318B91F9A00F0C9C3 /* Storyboard.storyboard */; };
		84E9F89718B9272600F0C9C3 /* Utilities.m in Sources */ = {isa = PBXBuildFile; fileRef = 84E9F89618B9272600F0C9C3 /* Utilities.m */; };
		A82C177F18FD297E00247BDF /* libCorePlot-CocoaTouch.a in Frameworks */ = {isa = PBXBuildFile; fileRef = A82C177E18FD297E00247BDF /* libCorePlot-CocoaTouch.a */; };
		A82C178118FD29BE00247BDF /* QuartzCore.framework in Frameworks */ = {isa = PBXBuildFile; fileRef = A82C178018FD29BE00247BDF /* QuartzCore.framework */; };
		A82C178418FD2A5000247BDF /* ChartViewController.m in Sources */ = {isa = PBXBuildFile; fileRef = A82C178318FD2A5000247BDF /* ChartViewController.m */; };
		A834E55518FBCC1500DE5F54 /* income.png in Resources */ = {isa = PBXBuildFile; fileRef = A834E55318FBCC1500DE5F54 /* income.png */; };
		A834E55618FBCC1500DE5F54 /* income@2x.png in Resources */ = {isa = PBXBuildFile; fileRef = A834E55418FBCC1500DE5F54 /* income@2x.png */; };
		A834E55918FBE5B400DE5F54 /* chart.png in Resources */ = {isa = PBXBuildFile; fileRef = A834E55718FBE5B400DE5F54 /* chart.png */; };
		A834E55A18FBE5B400DE5F54 /* chart@2x.png in Resources */ = {isa = PBXBuildFile; fileRef = A834E55818FBE5B400DE5F54 /* chart@2x.png */; };
		A834E56018FBEB8A00DE5F54 /* IncomeExpenseTwoCell.m in Sources */ = {isa = PBXBuildFile; fileRef = A834E55F18FBEB8A00DE5F54 /* IncomeExpenseTwoCell.m */; };
		A85490F418F3D144007B4F7F /* MDDebugObject.m in Sources */ = {isa = PBXBuildFile; fileRef = A85490F018F3D144007B4F7F /* MDDebugObject.m */; settings = {COMPILER_FLAGS = "-fno-objc-arc"; }; };
		A85490F518F3D144007B4F7F /* MDUtils.m in Sources */ = {isa = PBXBuildFile; fileRef = A85490F318F3D144007B4F7F /* MDUtils.m */; };
		A8678AA618F592C2009593A8 /* BudgetCell.m in Sources */ = {isa = PBXBuildFile; fileRef = A8678AA518F592C2009593A8 /* BudgetCell.m */; };
		A8678AA918F59FAC009593A8 /* IncomeExpenseCell.m in Sources */ = {isa = PBXBuildFile; fileRef = A8678AA818F59FAC009593A8 /* IncomeExpenseCell.m */; };
		A8678AE618F6AD30009593A8 /* Books.png in Resources */ = {isa = PBXBuildFile; fileRef = A8678AAF18F6AD30009593A8 /* Books.png */; };
		A8678AE718F6AD30009593A8 /* Books@2x.png in Resources */ = {isa = PBXBuildFile; fileRef = A8678AB018F6AD30009593A8 /* Books@2x.png */; };
		A8678AE818F6AD30009593A8 /* Car.png in Resources */ = {isa = PBXBuildFile; fileRef = A8678AB118F6AD30009593A8 /* Car.png */; };
		A8678AE918F6AD30009593A8 /* Car@2x.png in Resources */ = {isa = PBXBuildFile; fileRef = A8678AB218F6AD30009593A8 /* Car@2x.png */; };
		A8678AEA18F6AD30009593A8 /* Clothes.png in Resources */ = {isa = PBXBuildFile; fileRef = A8678AB318F6AD30009593A8 /* Clothes.png */; };
		A8678AEB18F6AD30009593A8 /* Clothes@2x.png in Resources */ = {isa = PBXBuildFile; fileRef = A8678AB418F6AD30009593A8 /* Clothes@2x.png */; };
		A8678AEC18F6AD30009593A8 /* Education.png in Resources */ = {isa = PBXBuildFile; fileRef = A8678AB518F6AD30009593A8 /* Education.png */; };
		A8678AED18F6AD30009593A8 /* Education@2x.png in Resources */ = {isa = PBXBuildFile; fileRef = A8678AB618F6AD30009593A8 /* Education@2x.png */; };
		A8678AF018F6AD30009593A8 /* Food.png in Resources */ = {isa = PBXBuildFile; fileRef = A8678AB918F6AD30009593A8 /* Food.png */; };
		A8678AF118F6AD30009593A8 /* Food@2x.png in Resources */ = {isa = PBXBuildFile; fileRef = A8678ABA18F6AD30009593A8 /* Food@2x.png */; };
		A8678AF218F6AD30009593A8 /* Friends.png in Resources */ = {isa = PBXBuildFile; fileRef = A8678ABB18F6AD30009593A8 /* Friends.png */; };
		A8678AF318F6AD30009593A8 /* Friends@2x.png in Resources */ = {isa = PBXBuildFile; fileRef = A8678ABC18F6AD30009593A8 /* Friends@2x.png */; };
		A8678AF418F6AD30009593A8 /* Fuel.png in Resources */ = {isa = PBXBuildFile; fileRef = A8678ABD18F6AD30009593A8 /* Fuel.png */; };
		A8678AF518F6AD30009593A8 /* Fuel@2x.png in Resources */ = {isa = PBXBuildFile; fileRef = A8678ABE18F6AD30009593A8 /* Fuel@2x.png */; };
		A8678AF618F6AD30009593A8 /* General.png in Resources */ = {isa = PBXBuildFile; fileRef = A8678ABF18F6AD30009593A8 /* General.png */; };
		A8678AF718F6AD30009593A8 /* General@2x.png in Resources */ = {isa = PBXBuildFile; fileRef = A8678AC018F6AD30009593A8 /* General@2x.png */; };
		A8678AF818F6AD30009593A8 /* Health.png in Resources */ = {isa = PBXBuildFile; fileRef = A8678AC118F6AD30009593A8 /* Health.png */; };
		A8678AF918F6AD30009593A8 /* Health@2x.png in Resources */ = {isa = PBXBuildFile; fileRef = A8678AC218F6AD30009593A8 /* Health@2x.png */; };
		A8678AFA18F6AD30009593A8 /* House.png in Resources */ = {isa = PBXBuildFile; fileRef = A8678AC318F6AD30009593A8 /* House.png */; };
		A8678AFB18F6AD30009593A8 /* House@2x.png in Resources */ = {isa = PBXBuildFile; fileRef = A8678AC418F6AD30009593A8 /* House@2x.png */; };
		A8678AFC18F6AD30009593A8 /* Insurances.png in Resources */ = {isa = PBXBuildFile; fileRef = A8678AC518F6AD30009593A8 /* Insurances.png */; };
		A8678AFD18F6AD30009593A8 /* Insurances@2x.png in Resources */ = {isa = PBXBuildFile; fileRef = A8678AC618F6AD30009593A8 /* Insurances@2x.png */; };
		A8678B0018F6AD30009593A8 /* Leisure.png in Resources */ = {isa = PBXBuildFile; fileRef = A8678AC918F6AD30009593A8 /* Leisure.png */; };
		A8678B0118F6AD30009593A8 /* Leisure@2x.png in Resources */ = {isa = PBXBuildFile; fileRef = A8678ACA18F6AD30009593A8 /* Leisure@2x.png */; };
		A8678B0218F6AD30009593A8 /* menu.png in Resources */ = {isa = PBXBuildFile; fileRef = A8678ACB18F6AD30009593A8 /* menu.png */; };
		A8678B0318F6AD30009593A8 /* menu@2x.png in Resources */ = {isa = PBXBuildFile; fileRef = A8678ACC18F6AD30009593A8 /* menu@2x.png */; };
		A8678B0418F6AD30009593A8 /* Music.png in Resources */ = {isa = PBXBuildFile; fileRef = A8678ACD18F6AD30009593A8 /* Music.png */; };
		A8678B0518F6AD30009593A8 /* Music@2x.png in Resources */ = {isa = PBXBuildFile; fileRef = A8678ACE18F6AD30009593A8 /* Music@2x.png */; };
		A8678B0618F6AD30009593A8 /* Pets.png in Resources */ = {isa = PBXBuildFile; fileRef = A8678ACF18F6AD30009593A8 /* Pets.png */; };
		A8678B0718F6AD30009593A8 /* Pets@2x.png in Resources */ = {isa = PBXBuildFile; fileRef = A8678AD018F6AD30009593A8 /* Pets@2x.png */; };
		A8678B0818F6AD30009593A8 /* Rent.png in Resources */ = {isa = PBXBuildFile; fileRef = A8678AD118F6AD30009593A8 /* Rent.png */; };
		A8678B0918F6AD30009593A8 /* Rent@2x.png in Resources */ = {isa = PBXBuildFile; fileRef = A8678AD218F6AD30009593A8 /* Rent@2x.png */; };
		A8678B0A18F6AD30009593A8 /* Sport.png in Resources */ = {isa = PBXBuildFile; fileRef = A8678AD318F6AD30009593A8 /* Sport.png */; };
		A8678B0B18F6AD30009593A8 /* Sport@2x.png in Resources */ = {isa = PBXBuildFile; fileRef = A8678AD418F6AD30009593A8 /* Sport@2x.png */; };
		A8678B0C18F6AD30009593A8 /* Travel.png in Resources */ = {isa = PBXBuildFile; fileRef = A8678AD518F6AD30009593A8 /* Travel.png */; };
		A8678B0D18F6AD30009593A8 /* Travel@2x.png in Resources */ = {isa = PBXBuildFile; fileRef = A8678AD618F6AD30009593A8 /* Travel@2x.png */; };
		A8678B0E18F6AD30009593A8 /* Trips.png in Resources */ = {isa = PBXBuildFile; fileRef = A8678AD718F6AD30009593A8 /* Trips.png */; };
		A8678B0F18F6AD30009593A8 /* Trips@2x.png in Resources */ = {isa = PBXBuildFile; fileRef = A8678AD818F6AD30009593A8 /* Trips@2x.png */; };
		A8678B1018F6AD30009593A8 /* Gifts.png in Resources */ = {isa = PBXBuildFile; fileRef = A8678ADA18F6AD30009593A8 /* Gifts.png */; };
		A8678B1118F6AD30009593A8 /* Gifts@2x.png in Resources */ = {isa = PBXBuildFile; fileRef = A8678ADB18F6AD30009593A8 /* Gifts@2x.png */; };
		A8678B1218F6AD30009593A8 /* Renting.png in Resources */ = {isa = PBXBuildFile; fileRef = A8678ADC18F6AD30009593A8 /* Renting.png */; };
		A8678B1318F6AD30009593A8 /* Renting@2x.png in Resources */ = {isa = PBXBuildFile; fileRef = A8678ADD18F6AD30009593A8 /* Renting@2x.png */; };
		A8678B1418F6AD30009593A8 /* Wages.png in Resources */ = {isa = PBXBuildFile; fileRef = A8678ADE18F6AD30009593A8 /* Wages.png */; };
		A8678B1518F6AD30009593A8 /* Wages@2x.png in Resources */ = {isa = PBXBuildFile; fileRef = A8678ADF18F6AD30009593A8 /* Wages@2x.png */; };
		A8678B1C18F6C423009593A8 /* NewExpenseViewController.m in Sources */ = {isa = PBXBuildFile; fileRef = A8678B1B18F6C423009593A8 /* NewExpenseViewController.m */; };
		A8678B1F18F6CE25009593A8 /* IconCollectionViewCell.m in Sources */ = {isa = PBXBuildFile; fileRef = A8678B1E18F6CE25009593A8 /* IconCollectionViewCell.m */; };
		A8678B2618F6DC7D009593A8 /* Energy-Water.png in Resources */ = {isa = PBXBuildFile; fileRef = A8678B2418F6DC7D009593A8 /* Energy-Water.png */; };
		A8678B2718F6DC7D009593A8 /* Energy-Water@2x.png in Resources */ = {isa = PBXBuildFile; fileRef = A8678B2518F6DC7D009593A8 /* Energy-Water@2x.png */; };
		A88E569018F7C80B007E70BC /* BudgetControlStartDB.sqlite in Resources */ = {isa = PBXBuildFile; fileRef = A88E568F18F7C80B007E70BC /* BudgetControlStartDB.sqlite */; };
		A88E569718F7FFE4007E70BC /* Kids-Stuff.png in Resources */ = {isa = PBXBuildFile; fileRef = A88E569518F7FFE4007E70BC /* Kids-Stuff.png */; };
		A88E569818F7FFE4007E70BC /* Kids-Stuff@2x.png in Resources */ = {isa = PBXBuildFile; fileRef = A88E569618F7FFE4007E70BC /* Kids-Stuff@2x.png */; };
		A8A0694518F4113E00F00ABE /* SetBudgetViewController.m in Sources */ = {isa = PBXBuildFile; fileRef = A8A0694418F4113E00F00ABE /* SetBudgetViewController.m */; };
		A8A0694818F42DBD00F00ABE /* NewIncomeViewController.m in Sources */ = {isa = PBXBuildFile; fileRef = A8A0694718F42DBD00F00ABE /* NewIncomeViewController.m */; };
		A8A0694B18F5329800F00ABE /* CDBudget.m in Sources */ = {isa = PBXBuildFile; fileRef = A8A0694A18F5329800F00ABE /* CDBudget.m */; };
		A8C9359F18F82E0A00E239F0 /* borderSelected.png in Resources */ = {isa = PBXBuildFile; fileRef = A8C9359318F82E0A00E239F0 /* borderSelected.png */; };
		A8C935A018F82E0A00E239F0 /* borderSelected@2x.png in Resources */ = {isa = PBXBuildFile; fileRef = A8C9359418F82E0A00E239F0 /* borderSelected@2x.png */; };
		A8C935A118F82E0A00E239F0 /* budgetState.png in Resources */ = {isa = PBXBuildFile; fileRef = A8C9359518F82E0A00E239F0 /* budgetState.png */; };
		A8C935A218F82E0A00E239F0 /* budgetState@2x.png in Resources */ = {isa = PBXBuildFile; fileRef = A8C9359618F82E0A00E239F0 /* budgetState@2x.png */; };
		A8C935A318F82E0A00E239F0 /* calendar.png in Resources */ = {isa = PBXBuildFile; fileRef = A8C9359718F82E0A00E239F0 /* calendar.png */; };
		A8C935A418F82E0A00E239F0 /* calendar@2x.png in Resources */ = {isa = PBXBuildFile; fileRef = A8C9359818F82E0A00E239F0 /* calendar@2x.png */; };
		A8C935A518F82E0A00E239F0 /* expense.png in Resources */ = {isa = PBXBuildFile; fileRef = A8C9359918F82E0A00E239F0 /* expense.png */; };
		A8C935A618F82E0A00E239F0 /* expense@2x.png in Resources */ = {isa = PBXBuildFile; fileRef = A8C9359A18F82E0A00E239F0 /* expense@2x.png */; };
		A8C935A718F82E0A00E239F0 /* menu.png in Resources */ = {isa = PBXBuildFile; fileRef = A8C9359B18F82E0A00E239F0 /* menu.png */; };
		A8C935A818F82E0A00E239F0 /* menu@2x.png in Resources */ = {isa = PBXBuildFile; fileRef = A8C9359C18F82E0A00E239F0 /* menu@2x.png */; };
		A8C935A918F82E0A00E239F0 /* settings.png in Resources */ = {isa = PBXBuildFile; fileRef = A8C9359D18F82E0A00E239F0 /* settings.png */; };
		A8C935AA18F82E0A00E239F0 /* settings@2x.png in Resources */ = {isa = PBXBuildFile; fileRef = A8C9359E18F82E0A00E239F0 /* settings@2x.png */; };
		A8C935AD18F8460F00E239F0 /* CategoryElementsViewController.m in Sources */ = {isa = PBXBuildFile; fileRef = A8C935AC18F8460F00E239F0 /* CategoryElementsViewController.m */; };
/* End PBXBuildFile section */

/* Begin PBXFileReference section */
		841A068218CC784A00D8E98A /* CoreDataManager.h */ = {isa = PBXFileReference; fileEncoding = 4; lastKnownFileType = sourcecode.c.h; path = CoreDataManager.h; sourceTree = "<group>"; };
		841A068318CC784A00D8E98A /* CoreDataManager.m */ = {isa = PBXFileReference; fileEncoding = 4; lastKnownFileType = sourcecode.c.objc; path = CoreDataManager.m; sourceTree = "<group>"; };
		842C08C318BA249C001F2938 /* SettingsViewController.h */ = {isa = PBXFileReference; fileEncoding = 4; lastKnownFileType = sourcecode.c.h; path = SettingsViewController.h; sourceTree = "<group>"; };
		842C08C418BA249C001F2938 /* SettingsViewController.m */ = {isa = PBXFileReference; fileEncoding = 4; lastKnownFileType = sourcecode.c.objc; path = SettingsViewController.m; sourceTree = "<group>"; };
		84B109CE18D8C85A00F59102 /* CDIncomeCategory.h */ = {isa = PBXFileReference; fileEncoding = 4; lastKnownFileType = sourcecode.c.h; path = CDIncomeCategory.h; sourceTree = "<group>"; };
		84B109CF18D8C85A00F59102 /* CDIncomeCategory.m */ = {isa = PBXFileReference; fileEncoding = 4; lastKnownFileType = sourcecode.c.objc; path = CDIncomeCategory.m; sourceTree = "<group>"; };
		84B109D118D8C85A00F59102 /* CDIncome.h */ = {isa = PBXFileReference; fileEncoding = 4; lastKnownFileType = sourcecode.c.h; path = CDIncome.h; sourceTree = "<group>"; };
		84B109D218D8C85A00F59102 /* CDIncome.m */ = {isa = PBXFileReference; fileEncoding = 4; lastKnownFileType = sourcecode.c.objc; path = CDIncome.m; sourceTree = "<group>"; };
		84B109D418D8C85A00F59102 /* CDExpenseCategory.h */ = {isa = PBXFileReference; fileEncoding = 4; lastKnownFileType = sourcecode.c.h; path = CDExpenseCategory.h; sourceTree = "<group>"; };
		84B109D518D8C85A00F59102 /* CDExpenseCategory.m */ = {isa = PBXFileReference; fileEncoding = 4; lastKnownFileType = sourcecode.c.objc; path = CDExpenseCategory.m; sourceTree = "<group>"; };
		84B109DA18D8C85A00F59102 /* CDExpense.h */ = {isa = PBXFileReference; fileEncoding = 4; lastKnownFileType = sourcecode.c.h; path = CDExpense.h; sourceTree = "<group>"; };
		84B109DB18D8C85A00F59102 /* CDExpense.m */ = {isa = PBXFileReference; fileEncoding = 4; lastKnownFileType = sourcecode.c.objc; path = CDExpense.m; sourceTree = "<group>"; };
		84E9F86418B91BC800F0C9C3 /* BudgetControl.app */ = {isa = PBXFileReference; explicitFileType = wrapper.application; includeInIndex = 0; path = BudgetControl.app; sourceTree = BUILT_PRODUCTS_DIR; };
		84E9F86718B91BC800F0C9C3 /* UIKit.framework */ = {isa = PBXFileReference; lastKnownFileType = wrapper.framework; name = UIKit.framework; path = System/Library/Frameworks/UIKit.framework; sourceTree = SDKROOT; };
		84E9F86918B91BC800F0C9C3 /* Foundation.framework */ = {isa = PBXFileReference; lastKnownFileType = wrapper.framework; name = Foundation.framework; path = System/Library/Frameworks/Foundation.framework; sourceTree = SDKROOT; };
		84E9F86B18B91BC800F0C9C3 /* CoreGraphics.framework */ = {isa = PBXFileReference; lastKnownFileType = wrapper.framework; name = CoreGraphics.framework; path = System/Library/Frameworks/CoreGraphics.framework; sourceTree = SDKROOT; };
		84E9F86D18B91BC800F0C9C3 /* CoreData.framework */ = {isa = PBXFileReference; lastKnownFileType = wrapper.framework; name = CoreData.framework; path = System/Library/Frameworks/CoreData.framework; sourceTree = SDKROOT; };
		84E9F87118B91BC800F0C9C3 /* BudgetControl-Info.plist */ = {isa = PBXFileReference; lastKnownFileType = text.plist.xml; path = "BudgetControl-Info.plist"; sourceTree = "<group>"; };
		84E9F87318B91BC800F0C9C3 /* en */ = {isa = PBXFileReference; lastKnownFileType = text.plist.strings; name = en; path = en.lproj/InfoPlist.strings; sourceTree = "<group>"; };
		84E9F87518B91BC800F0C9C3 /* main.m */ = {isa = PBXFileReference; lastKnownFileType = sourcecode.c.objc; path = main.m; sourceTree = "<group>"; };
		84E9F87718B91BC800F0C9C3 /* BudgetControl-Prefix.pch */ = {isa = PBXFileReference; lastKnownFileType = sourcecode.c.h; path = "BudgetControl-Prefix.pch"; sourceTree = "<group>"; };
		84E9F87818B91BC800F0C9C3 /* AppDelegate.h */ = {isa = PBXFileReference; lastKnownFileType = sourcecode.c.h; path = AppDelegate.h; sourceTree = "<group>"; };
		84E9F87918B91BC800F0C9C3 /* AppDelegate.m */ = {isa = PBXFileReference; lastKnownFileType = sourcecode.c.objc; path = AppDelegate.m; sourceTree = "<group>"; };
		84E9F87B18B91BC800F0C9C3 /* Default.png */ = {isa = PBXFileReference; lastKnownFileType = image.png; path = Default.png; sourceTree = "<group>"; };
		84E9F87D18B91BC800F0C9C3 /* Default@2x.png */ = {isa = PBXFileReference; lastKnownFileType = image.png; path = "Default@2x.png"; sourceTree = "<group>"; };
		84E9F87F18B91BC800F0C9C3 /* Default-568h@2x.png */ = {isa = PBXFileReference; lastKnownFileType = image.png; path = "Default-568h@2x.png"; sourceTree = "<group>"; };
		84E9F88218B91BC800F0C9C3 /* BudgetControl.xcdatamodel */ = {isa = PBXFileReference; lastKnownFileType = wrapper.xcdatamodel; path = BudgetControl.xcdatamodel; sourceTree = "<group>"; };
		84E9F88E18B91C8600F0C9C3 /* Defines.h */ = {isa = PBXFileReference; lastKnownFileType = sourcecode.c.h; path = Defines.h; sourceTree = "<group>"; };
		84E9F88F18B91CB400F0C9C3 /* HomeViewController.h */ = {isa = PBXFileReference; fileEncoding = 4; lastKnownFileType = sourcecode.c.h; path = HomeViewController.h; sourceTree = "<group>"; };
		84E9F89018B91CB400F0C9C3 /* HomeViewController.m */ = {isa = PBXFileReference; fileEncoding = 4; lastKnownFileType = sourcecode.c.objc; path = HomeViewController.m; sourceTree = "<group>"; };
		84E9F89318B91F9A00F0C9C3 /* Storyboard.storyboard */ = {isa = PBXFileReference; fileEncoding = 4; lastKnownFileType = file.storyboard; path = Storyboard.storyboard; sourceTree = "<group>"; };
		84E9F89518B9272600F0C9C3 /* Utilities.h */ = {isa = PBXFileReference; fileEncoding = 4; lastKnownFileType = sourcecode.c.h; path = Utilities.h; sourceTree = "<group>"; };
		84E9F89618B9272600F0C9C3 /* Utilities.m */ = {isa = PBXFileReference; fileEncoding = 4; lastKnownFileType = sourcecode.c.objc; path = Utilities.m; sourceTree = "<group>"; };
		A82C172F18FD297E00247BDF /* _CPTConstraintsFixed.h */ = {isa = PBXFileReference; fileEncoding = 4; lastKnownFileType = sourcecode.c.h; path = _CPTConstraintsFixed.h; sourceTree = "<group>"; };
		A82C173018FD297E00247BDF /* _CPTConstraintsRelative.h */ = {isa = PBXFileReference; fileEncoding = 4; lastKnownFileType = sourcecode.c.h; path = _CPTConstraintsRelative.h; sourceTree = "<group>"; };
		A82C173118FD297E00247BDF /* _CPTDarkGradientTheme.h */ = {isa = PBXFileReference; fileEncoding = 4; lastKnownFileType = sourcecode.c.h; path = _CPTDarkGradientTheme.h; sourceTree = "<group>"; };
		A82C173218FD297E00247BDF /* _CPTFillColor.h */ = {isa = PBXFileReference; fileEncoding = 4; lastKnownFileType = sourcecode.c.h; path = _CPTFillColor.h; sourceTree = "<group>"; };
		A82C173318FD297E00247BDF /* _CPTFillGradient.h */ = {isa = PBXFileReference; fileEncoding = 4; lastKnownFileType = sourcecode.c.h; path = _CPTFillGradient.h; sourceTree = "<group>"; };
		A82C173418FD297E00247BDF /* _CPTFillImage.h */ = {isa = PBXFileReference; fileEncoding = 4; lastKnownFileType = sourcecode.c.h; path = _CPTFillImage.h; sourceTree = "<group>"; };
		A82C173518FD297E00247BDF /* _CPTPlainBlackTheme.h */ = {isa = PBXFileReference; fileEncoding = 4; lastKnownFileType = sourcecode.c.h; path = _CPTPlainBlackTheme.h; sourceTree = "<group>"; };
		A82C173618FD297E00247BDF /* _CPTPlainWhiteTheme.h */ = {isa = PBXFileReference; fileEncoding = 4; lastKnownFileType = sourcecode.c.h; path = _CPTPlainWhiteTheme.h; sourceTree = "<group>"; };
		A82C173718FD297E00247BDF /* _CPTSlateTheme.h */ = {isa = PBXFileReference; fileEncoding = 4; lastKnownFileType = sourcecode.c.h; path = _CPTSlateTheme.h; sourceTree = "<group>"; };
		A82C173818FD297E00247BDF /* _CPTStocksTheme.h */ = {isa = PBXFileReference; fileEncoding = 4; lastKnownFileType = sourcecode.c.h; path = _CPTStocksTheme.h; sourceTree = "<group>"; };
		A82C173918FD297E00247BDF /* _CPTXYTheme.h */ = {isa = PBXFileReference; fileEncoding = 4; lastKnownFileType = sourcecode.c.h; path = _CPTXYTheme.h; sourceTree = "<group>"; };
		A82C173A18FD297E00247BDF /* CorePlot-CocoaTouch.h */ = {isa = PBXFileReference; fileEncoding = 4; lastKnownFileType = sourcecode.c.h; path = "CorePlot-CocoaTouch.h"; sourceTree = "<group>"; };
		A82C173B18FD297E00247BDF /* CPTAnnotation.h */ = {isa = PBXFileReference; fileEncoding = 4; lastKnownFileType = sourcecode.c.h; path = CPTAnnotation.h; sourceTree = "<group>"; };
		A82C173C18FD297E00247BDF /* CPTAnnotationHostLayer.h */ = {isa = PBXFileReference; fileEncoding = 4; lastKnownFileType = sourcecode.c.h; path = CPTAnnotationHostLayer.h; sourceTree = "<group>"; };
		A82C173D18FD297E00247BDF /* CPTAxis.h */ = {isa = PBXFileReference; fileEncoding = 4; lastKnownFileType = sourcecode.c.h; path = CPTAxis.h; sourceTree = "<group>"; };
		A82C173E18FD297E00247BDF /* CPTAxisLabel.h */ = {isa = PBXFileReference; fileEncoding = 4; lastKnownFileType = sourcecode.c.h; path = CPTAxisLabel.h; sourceTree = "<group>"; };
		A82C173F18FD297E00247BDF /* CPTAxisLabelGroup.h */ = {isa = PBXFileReference; fileEncoding = 4; lastKnownFileType = sourcecode.c.h; path = CPTAxisLabelGroup.h; sourceTree = "<group>"; };
		A82C174018FD297E00247BDF /* CPTAxisSet.h */ = {isa = PBXFileReference; fileEncoding = 4; lastKnownFileType = sourcecode.c.h; path = CPTAxisSet.h; sourceTree = "<group>"; };
		A82C174118FD297E00247BDF /* CPTAxisTitle.h */ = {isa = PBXFileReference; fileEncoding = 4; lastKnownFileType = sourcecode.c.h; path = CPTAxisTitle.h; sourceTree = "<group>"; };
		A82C174218FD297E00247BDF /* CPTBarPlot.h */ = {isa = PBXFileReference; fileEncoding = 4; lastKnownFileType = sourcecode.c.h; path = CPTBarPlot.h; sourceTree = "<group>"; };
		A82C174318FD297E00247BDF /* CPTBorderedLayer.h */ = {isa = PBXFileReference; fileEncoding = 4; lastKnownFileType = sourcecode.c.h; path = CPTBorderedLayer.h; sourceTree = "<group>"; };
		A82C174418FD297E00247BDF /* CPTColor.h */ = {isa = PBXFileReference; fileEncoding = 4; lastKnownFileType = sourcecode.c.h; path = CPTColor.h; sourceTree = "<group>"; };
		A82C174518FD297E00247BDF /* CPTColorSpace.h */ = {isa = PBXFileReference; fileEncoding = 4; lastKnownFileType = sourcecode.c.h; path = CPTColorSpace.h; sourceTree = "<group>"; };
		A82C174618FD297E00247BDF /* CPTConstraints.h */ = {isa = PBXFileReference; fileEncoding = 4; lastKnownFileType = sourcecode.c.h; path = CPTConstraints.h; sourceTree = "<group>"; };
		A82C174718FD297E00247BDF /* CPTDefinitions.h */ = {isa = PBXFileReference; fileEncoding = 4; lastKnownFileType = sourcecode.c.h; path = CPTDefinitions.h; sourceTree = "<group>"; };
		A82C174818FD297E00247BDF /* CPTExceptions.h */ = {isa = PBXFileReference; fileEncoding = 4; lastKnownFileType = sourcecode.c.h; path = CPTExceptions.h; sourceTree = "<group>"; };
		A82C174918FD297E00247BDF /* CPTFill.h */ = {isa = PBXFileReference; fileEncoding = 4; lastKnownFileType = sourcecode.c.h; path = CPTFill.h; sourceTree = "<group>"; };
		A82C174A18FD297E00247BDF /* CPTGradient.h */ = {isa = PBXFileReference; fileEncoding = 4; lastKnownFileType = sourcecode.c.h; path = CPTGradient.h; sourceTree = "<group>"; };
		A82C174B18FD297E00247BDF /* CPTGraph.h */ = {isa = PBXFileReference; fileEncoding = 4; lastKnownFileType = sourcecode.c.h; path = CPTGraph.h; sourceTree = "<group>"; };
		A82C174C18FD297E00247BDF /* CPTGraphHostingView.h */ = {isa = PBXFileReference; fileEncoding = 4; lastKnownFileType = sourcecode.c.h; path = CPTGraphHostingView.h; sourceTree = "<group>"; };
		A82C174D18FD297E00247BDF /* CPTGridLineGroup.h */ = {isa = PBXFileReference; fileEncoding = 4; lastKnownFileType = sourcecode.c.h; path = CPTGridLineGroup.h; sourceTree = "<group>"; };
		A82C174E18FD297E00247BDF /* CPTGridLines.h */ = {isa = PBXFileReference; fileEncoding = 4; lastKnownFileType = sourcecode.c.h; path = CPTGridLines.h; sourceTree = "<group>"; };
		A82C174F18FD297E00247BDF /* CPTImage.h */ = {isa = PBXFileReference; fileEncoding = 4; lastKnownFileType = sourcecode.c.h; path = CPTImage.h; sourceTree = "<group>"; };
		A82C175018FD297E00247BDF /* CPTLayer.h */ = {isa = PBXFileReference; fileEncoding = 4; lastKnownFileType = sourcecode.c.h; path = CPTLayer.h; sourceTree = "<group>"; };
		A82C175118FD297E00247BDF /* CPTLayerAnnotation.h */ = {isa = PBXFileReference; fileEncoding = 4; lastKnownFileType = sourcecode.c.h; path = CPTLayerAnnotation.h; sourceTree = "<group>"; };
		A82C175218FD297E00247BDF /* CPTLegend.h */ = {isa = PBXFileReference; fileEncoding = 4; lastKnownFileType = sourcecode.c.h; path = CPTLegend.h; sourceTree = "<group>"; };
		A82C175318FD297E00247BDF /* CPTLegendEntry.h */ = {isa = PBXFileReference; fileEncoding = 4; lastKnownFileType = sourcecode.c.h; path = CPTLegendEntry.h; sourceTree = "<group>"; };
		A82C175418FD297E00247BDF /* CPTLimitBand.h */ = {isa = PBXFileReference; fileEncoding = 4; lastKnownFileType = sourcecode.c.h; path = CPTLimitBand.h; sourceTree = "<group>"; };
		A82C175518FD297E00247BDF /* CPTLineCap.h */ = {isa = PBXFileReference; fileEncoding = 4; lastKnownFileType = sourcecode.c.h; path = CPTLineCap.h; sourceTree = "<group>"; };
		A82C175618FD297E00247BDF /* CPTLineStyle.h */ = {isa = PBXFileReference; fileEncoding = 4; lastKnownFileType = sourcecode.c.h; path = CPTLineStyle.h; sourceTree = "<group>"; };
		A82C175718FD297E00247BDF /* CPTMutableLineStyle.h */ = {isa = PBXFileReference; fileEncoding = 4; lastKnownFileType = sourcecode.c.h; path = CPTMutableLineStyle.h; sourceTree = "<group>"; };
		A82C175818FD297E00247BDF /* CPTMutableNumericData+TypeConversion.h */ = {isa = PBXFileReference; fileEncoding = 4; lastKnownFileType = sourcecode.c.h; path = "CPTMutableNumericData+TypeConversion.h"; sourceTree = "<group>"; };
		A82C175918FD297E00247BDF /* CPTMutableNumericData.h */ = {isa = PBXFileReference; fileEncoding = 4; lastKnownFileType = sourcecode.c.h; path = CPTMutableNumericData.h; sourceTree = "<group>"; };
		A82C175A18FD297E00247BDF /* CPTMutablePlotRange.h */ = {isa = PBXFileReference; fileEncoding = 4; lastKnownFileType = sourcecode.c.h; path = CPTMutablePlotRange.h; sourceTree = "<group>"; };
		A82C175B18FD297E00247BDF /* CPTMutableShadow.h */ = {isa = PBXFileReference; fileEncoding = 4; lastKnownFileType = sourcecode.c.h; path = CPTMutableShadow.h; sourceTree = "<group>"; };
		A82C175C18FD297E00247BDF /* CPTMutableTextStyle.h */ = {isa = PBXFileReference; fileEncoding = 4; lastKnownFileType = sourcecode.c.h; path = CPTMutableTextStyle.h; sourceTree = "<group>"; };
		A82C175D18FD297E00247BDF /* CPTNumericData+TypeConversion.h */ = {isa = PBXFileReference; fileEncoding = 4; lastKnownFileType = sourcecode.c.h; path = "CPTNumericData+TypeConversion.h"; sourceTree = "<group>"; };
		A82C175E18FD297E00247BDF /* CPTNumericData.h */ = {isa = PBXFileReference; fileEncoding = 4; lastKnownFileType = sourcecode.c.h; path = CPTNumericData.h; sourceTree = "<group>"; };
		A82C175F18FD297E00247BDF /* CPTNumericDataType.h */ = {isa = PBXFileReference; fileEncoding = 4; lastKnownFileType = sourcecode.c.h; path = CPTNumericDataType.h; sourceTree = "<group>"; };
		A82C176018FD297E00247BDF /* CPTPathExtensions.h */ = {isa = PBXFileReference; fileEncoding = 4; lastKnownFileType = sourcecode.c.h; path = CPTPathExtensions.h; sourceTree = "<group>"; };
		A82C176118FD297E00247BDF /* CPTPieChart.h */ = {isa = PBXFileReference; fileEncoding = 4; lastKnownFileType = sourcecode.c.h; path = CPTPieChart.h; sourceTree = "<group>"; };
		A82C176218FD297E00247BDF /* CPTPlatformSpecificCategories.h */ = {isa = PBXFileReference; fileEncoding = 4; lastKnownFileType = sourcecode.c.h; path = CPTPlatformSpecificCategories.h; sourceTree = "<group>"; };
		A82C176318FD297E00247BDF /* CPTPlatformSpecificDefines.h */ = {isa = PBXFileReference; fileEncoding = 4; lastKnownFileType = sourcecode.c.h; path = CPTPlatformSpecificDefines.h; sourceTree = "<group>"; };
		A82C176418FD297E00247BDF /* CPTPlatformSpecificFunctions.h */ = {isa = PBXFileReference; fileEncoding = 4; lastKnownFileType = sourcecode.c.h; path = CPTPlatformSpecificFunctions.h; sourceTree = "<group>"; };
		A82C176518FD297E00247BDF /* CPTPlot.h */ = {isa = PBXFileReference; fileEncoding = 4; lastKnownFileType = sourcecode.c.h; path = CPTPlot.h; sourceTree = "<group>"; };
		A82C176618FD297E00247BDF /* CPTPlotArea.h */ = {isa = PBXFileReference; fileEncoding = 4; lastKnownFileType = sourcecode.c.h; path = CPTPlotArea.h; sourceTree = "<group>"; };
		A82C176718FD297E00247BDF /* CPTPlotAreaFrame.h */ = {isa = PBXFileReference; fileEncoding = 4; lastKnownFileType = sourcecode.c.h; path = CPTPlotAreaFrame.h; sourceTree = "<group>"; };
		A82C176818FD297E00247BDF /* CPTPlotGroup.h */ = {isa = PBXFileReference; fileEncoding = 4; lastKnownFileType = sourcecode.c.h; path = CPTPlotGroup.h; sourceTree = "<group>"; };
		A82C176918FD297E00247BDF /* CPTPlotRange.h */ = {isa = PBXFileReference; fileEncoding = 4; lastKnownFileType = sourcecode.c.h; path = CPTPlotRange.h; sourceTree = "<group>"; };
		A82C176A18FD297E00247BDF /* CPTPlotSpace.h */ = {isa = PBXFileReference; fileEncoding = 4; lastKnownFileType = sourcecode.c.h; path = CPTPlotSpace.h; sourceTree = "<group>"; };
		A82C176B18FD297E00247BDF /* CPTPlotSpaceAnnotation.h */ = {isa = PBXFileReference; fileEncoding = 4; lastKnownFileType = sourcecode.c.h; path = CPTPlotSpaceAnnotation.h; sourceTree = "<group>"; };
		A82C176C18FD297E00247BDF /* CPTPlotSymbol.h */ = {isa = PBXFileReference; fileEncoding = 4; lastKnownFileType = sourcecode.c.h; path = CPTPlotSymbol.h; sourceTree = "<group>"; };
		A82C176D18FD297E00247BDF /* CPTRangePlot.h */ = {isa = PBXFileReference; fileEncoding = 4; lastKnownFileType = sourcecode.c.h; path = CPTRangePlot.h; sourceTree = "<group>"; };
		A82C176E18FD297E00247BDF /* CPTResponder.h */ = {isa = PBXFileReference; fileEncoding = 4; lastKnownFileType = sourcecode.c.h; path = CPTResponder.h; sourceTree = "<group>"; };
		A82C176F18FD297E00247BDF /* CPTScatterPlot.h */ = {isa = PBXFileReference; fileEncoding = 4; lastKnownFileType = sourcecode.c.h; path = CPTScatterPlot.h; sourceTree = "<group>"; };
		A82C177018FD297E00247BDF /* CPTShadow.h */ = {isa = PBXFileReference; fileEncoding = 4; lastKnownFileType = sourcecode.c.h; path = CPTShadow.h; sourceTree = "<group>"; };
		A82C177118FD297E00247BDF /* CPTTextLayer.h */ = {isa = PBXFileReference; fileEncoding = 4; lastKnownFileType = sourcecode.c.h; path = CPTTextLayer.h; sourceTree = "<group>"; };
		A82C177218FD297E00247BDF /* CPTTextStyle.h */ = {isa = PBXFileReference; fileEncoding = 4; lastKnownFileType = sourcecode.c.h; path = CPTTextStyle.h; sourceTree = "<group>"; };
		A82C177318FD297E00247BDF /* CPTTheme.h */ = {isa = PBXFileReference; fileEncoding = 4; lastKnownFileType = sourcecode.c.h; path = CPTTheme.h; sourceTree = "<group>"; };
		A82C177418FD297E00247BDF /* CPTTimeFormatter.h */ = {isa = PBXFileReference; fileEncoding = 4; lastKnownFileType = sourcecode.c.h; path = CPTTimeFormatter.h; sourceTree = "<group>"; };
		A82C177518FD297E00247BDF /* CPTTradingRangePlot.h */ = {isa = PBXFileReference; fileEncoding = 4; lastKnownFileType = sourcecode.c.h; path = CPTTradingRangePlot.h; sourceTree = "<group>"; };
		A82C177618FD297E00247BDF /* CPTUtilities.h */ = {isa = PBXFileReference; fileEncoding = 4; lastKnownFileType = sourcecode.c.h; path = CPTUtilities.h; sourceTree = "<group>"; };
		A82C177718FD297E00247BDF /* CPTXYAxis.h */ = {isa = PBXFileReference; fileEncoding = 4; lastKnownFileType = sourcecode.c.h; path = CPTXYAxis.h; sourceTree = "<group>"; };
		A82C177818FD297E00247BDF /* CPTXYAxisSet.h */ = {isa = PBXFileReference; fileEncoding = 4; lastKnownFileType = sourcecode.c.h; path = CPTXYAxisSet.h; sourceTree = "<group>"; };
		A82C177918FD297E00247BDF /* CPTXYGraph.h */ = {isa = PBXFileReference; fileEncoding = 4; lastKnownFileType = sourcecode.c.h; path = CPTXYGraph.h; sourceTree = "<group>"; };
		A82C177A18FD297E00247BDF /* CPTXYPlotSpace.h */ = {isa = PBXFileReference; fileEncoding = 4; lastKnownFileType = sourcecode.c.h; path = CPTXYPlotSpace.h; sourceTree = "<group>"; };
		A82C177B18FD297E00247BDF /* NSCoderExtensions.h */ = {isa = PBXFileReference; fileEncoding = 4; lastKnownFileType = sourcecode.c.h; path = NSCoderExtensions.h; sourceTree = "<group>"; };
		A82C177C18FD297E00247BDF /* NSDecimalNumberExtensions.h */ = {isa = PBXFileReference; fileEncoding = 4; lastKnownFileType = sourcecode.c.h; path = NSDecimalNumberExtensions.h; sourceTree = "<group>"; };
		A82C177D18FD297E00247BDF /* NSNumberExtensions.h */ = {isa = PBXFileReference; fileEncoding = 4; lastKnownFileType = sourcecode.c.h; path = NSNumberExtensions.h; sourceTree = "<group>"; };
		A82C177E18FD297E00247BDF /* libCorePlot-CocoaTouch.a */ = {isa = PBXFileReference; lastKnownFileType = archive.ar; path = "libCorePlot-CocoaTouch.a"; sourceTree = "<group>"; };
		A82C178018FD29BE00247BDF /* QuartzCore.framework */ = {isa = PBXFileReference; lastKnownFileType = wrapper.framework; name = QuartzCore.framework; path = System/Library/Frameworks/QuartzCore.framework; sourceTree = SDKROOT; };
		A82C178218FD2A5000247BDF /* ChartViewController.h */ = {isa = PBXFileReference; fileEncoding = 4; lastKnownFileType = sourcecode.c.h; path = ChartViewController.h; sourceTree = "<group>"; };
		A82C178318FD2A5000247BDF /* ChartViewController.m */ = {isa = PBXFileReference; fileEncoding = 4; lastKnownFileType = sourcecode.c.objc; path = ChartViewController.m; sourceTree = "<group>"; };
		A834E55318FBCC1500DE5F54 /* income.png */ = {isa = PBXFileReference; lastKnownFileType = image.png; path = income.png; sourceTree = "<group>"; };
		A834E55418FBCC1500DE5F54 /* income@2x.png */ = {isa = PBXFileReference; lastKnownFileType = image.png; path = "income@2x.png"; sourceTree = "<group>"; };
		A834E55718FBE5B400DE5F54 /* chart.png */ = {isa = PBXFileReference; lastKnownFileType = image.png; path = chart.png; sourceTree = "<group>"; };
		A834E55818FBE5B400DE5F54 /* chart@2x.png */ = {isa = PBXFileReference; lastKnownFileType = image.png; path = "chart@2x.png"; sourceTree = "<group>"; };
		A834E55E18FBEB8A00DE5F54 /* IncomeExpenseTwoCell.h */ = {isa = PBXFileReference; fileEncoding = 4; lastKnownFileType = sourcecode.c.h; path = IncomeExpenseTwoCell.h; sourceTree = "<group>"; };
		A834E55F18FBEB8A00DE5F54 /* IncomeExpenseTwoCell.m */ = {isa = PBXFileReference; fileEncoding = 4; lastKnownFileType = sourcecode.c.objc; path = IncomeExpenseTwoCell.m; sourceTree = "<group>"; };
		A85490EE18F3D144007B4F7F /* MDDebug.h */ = {isa = PBXFileReference; fileEncoding = 4; lastKnownFileType = sourcecode.c.h; path = MDDebug.h; sourceTree = "<group>"; };
		A85490EF18F3D144007B4F7F /* MDDebugObject.h */ = {isa = PBXFileReference; fileEncoding = 4; lastKnownFileType = sourcecode.c.h; path = MDDebugObject.h; sourceTree = "<group>"; };
		A85490F018F3D144007B4F7F /* MDDebugObject.m */ = {isa = PBXFileReference; fileEncoding = 4; lastKnownFileType = sourcecode.c.objc; path = MDDebugObject.m; sourceTree = "<group>"; };
		A85490F118F3D144007B4F7F /* MDMacros.h */ = {isa = PBXFileReference; fileEncoding = 4; lastKnownFileType = sourcecode.c.h; path = MDMacros.h; sourceTree = "<group>"; };
		A85490F218F3D144007B4F7F /* MDUtils.h */ = {isa = PBXFileReference; fileEncoding = 4; lastKnownFileType = sourcecode.c.h; path = MDUtils.h; sourceTree = "<group>"; };
		A85490F318F3D144007B4F7F /* MDUtils.m */ = {isa = PBXFileReference; fileEncoding = 4; lastKnownFileType = sourcecode.c.objc; path = MDUtils.m; sourceTree = "<group>"; };
		A8678AA418F592C2009593A8 /* BudgetCell.h */ = {isa = PBXFileReference; fileEncoding = 4; lastKnownFileType = sourcecode.c.h; path = BudgetCell.h; sourceTree = "<group>"; };
		A8678AA518F592C2009593A8 /* BudgetCell.m */ = {isa = PBXFileReference; fileEncoding = 4; lastKnownFileType = sourcecode.c.objc; path = BudgetCell.m; sourceTree = "<group>"; };
		A8678AA718F59FAC009593A8 /* IncomeExpenseCell.h */ = {isa = PBXFileReference; fileEncoding = 4; lastKnownFileType = sourcecode.c.h; path = IncomeExpenseCell.h; sourceTree = "<group>"; };
		A8678AA818F59FAC009593A8 /* IncomeExpenseCell.m */ = {isa = PBXFileReference; fileEncoding = 4; lastKnownFileType = sourcecode.c.objc; path = IncomeExpenseCell.m; sourceTree = "<group>"; };
		A8678AAF18F6AD30009593A8 /* Books.png */ = {isa = PBXFileReference; lastKnownFileType = image.png; path = Books.png; sourceTree = "<group>"; };
		A8678AB018F6AD30009593A8 /* Books@2x.png */ = {isa = PBXFileReference; lastKnownFileType = image.png; path = "Books@2x.png"; sourceTree = "<group>"; };
		A8678AB118F6AD30009593A8 /* Car.png */ = {isa = PBXFileReference; lastKnownFileType = image.png; path = Car.png; sourceTree = "<group>"; };
		A8678AB218F6AD30009593A8 /* Car@2x.png */ = {isa = PBXFileReference; lastKnownFileType = image.png; path = "Car@2x.png"; sourceTree = "<group>"; };
		A8678AB318F6AD30009593A8 /* Clothes.png */ = {isa = PBXFileReference; lastKnownFileType = image.png; path = Clothes.png; sourceTree = "<group>"; };
		A8678AB418F6AD30009593A8 /* Clothes@2x.png */ = {isa = PBXFileReference; lastKnownFileType = image.png; path = "Clothes@2x.png"; sourceTree = "<group>"; };
		A8678AB518F6AD30009593A8 /* Education.png */ = {isa = PBXFileReference; lastKnownFileType = image.png; path = Education.png; sourceTree = "<group>"; };
		A8678AB618F6AD30009593A8 /* Education@2x.png */ = {isa = PBXFileReference; lastKnownFileType = image.png; path = "Education@2x.png"; sourceTree = "<group>"; };
		A8678AB918F6AD30009593A8 /* Food.png */ = {isa = PBXFileReference; lastKnownFileType = image.png; path = Food.png; sourceTree = "<group>"; };
		A8678ABA18F6AD30009593A8 /* Food@2x.png */ = {isa = PBXFileReference; lastKnownFileType = image.png; path = "Food@2x.png"; sourceTree = "<group>"; };
		A8678ABB18F6AD30009593A8 /* Friends.png */ = {isa = PBXFileReference; lastKnownFileType = image.png; path = Friends.png; sourceTree = "<group>"; };
		A8678ABC18F6AD30009593A8 /* Friends@2x.png */ = {isa = PBXFileReference; lastKnownFileType = image.png; path = "Friends@2x.png"; sourceTree = "<group>"; };
		A8678ABD18F6AD30009593A8 /* Fuel.png */ = {isa = PBXFileReference; lastKnownFileType = image.png; path = Fuel.png; sourceTree = "<group>"; };
		A8678ABE18F6AD30009593A8 /* Fuel@2x.png */ = {isa = PBXFileReference; lastKnownFileType = image.png; path = "Fuel@2x.png"; sourceTree = "<group>"; };
		A8678ABF18F6AD30009593A8 /* General.png */ = {isa = PBXFileReference; lastKnownFileType = image.png; path = General.png; sourceTree = "<group>"; };
		A8678AC018F6AD30009593A8 /* General@2x.png */ = {isa = PBXFileReference; lastKnownFileType = image.png; path = "General@2x.png"; sourceTree = "<group>"; };
		A8678AC118F6AD30009593A8 /* Health.png */ = {isa = PBXFileReference; lastKnownFileType = image.png; path = Health.png; sourceTree = "<group>"; };
		A8678AC218F6AD30009593A8 /* Health@2x.png */ = {isa = PBXFileReference; lastKnownFileType = image.png; path = "Health@2x.png"; sourceTree = "<group>"; };
		A8678AC318F6AD30009593A8 /* House.png */ = {isa = PBXFileReference; lastKnownFileType = image.png; path = House.png; sourceTree = "<group>"; };
		A8678AC418F6AD30009593A8 /* House@2x.png */ = {isa = PBXFileReference; lastKnownFileType = image.png; path = "House@2x.png"; sourceTree = "<group>"; };
		A8678AC518F6AD30009593A8 /* Insurances.png */ = {isa = PBXFileReference; lastKnownFileType = image.png; path = Insurances.png; sourceTree = "<group>"; };
		A8678AC618F6AD30009593A8 /* Insurances@2x.png */ = {isa = PBXFileReference; lastKnownFileType = image.png; path = "Insurances@2x.png"; sourceTree = "<group>"; };
		A8678AC918F6AD30009593A8 /* Leisure.png */ = {isa = PBXFileReference; lastKnownFileType = image.png; path = Leisure.png; sourceTree = "<group>"; };
		A8678ACA18F6AD30009593A8 /* Leisure@2x.png */ = {isa = PBXFileReference; lastKnownFileType = image.png; path = "Leisure@2x.png"; sourceTree = "<group>"; };
		A8678ACB18F6AD30009593A8 /* menu.png */ = {isa = PBXFileReference; lastKnownFileType = image.png; path = menu.png; sourceTree = "<group>"; };
		A8678ACC18F6AD30009593A8 /* menu@2x.png */ = {isa = PBXFileReference; lastKnownFileType = image.png; path = "menu@2x.png"; sourceTree = "<group>"; };
		A8678ACD18F6AD30009593A8 /* Music.png */ = {isa = PBXFileReference; lastKnownFileType = image.png; path = Music.png; sourceTree = "<group>"; };
		A8678ACE18F6AD30009593A8 /* Music@2x.png */ = {isa = PBXFileReference; lastKnownFileType = image.png; path = "Music@2x.png"; sourceTree = "<group>"; };
		A8678ACF18F6AD30009593A8 /* Pets.png */ = {isa = PBXFileReference; lastKnownFileType = image.png; path = Pets.png; sourceTree = "<group>"; };
		A8678AD018F6AD30009593A8 /* Pets@2x.png */ = {isa = PBXFileReference; lastKnownFileType = image.png; path = "Pets@2x.png"; sourceTree = "<group>"; };
		A8678AD118F6AD30009593A8 /* Rent.png */ = {isa = PBXFileReference; lastKnownFileType = image.png; path = Rent.png; sourceTree = "<group>"; };
		A8678AD218F6AD30009593A8 /* Rent@2x.png */ = {isa = PBXFileReference; lastKnownFileType = image.png; path = "Rent@2x.png"; sourceTree = "<group>"; };
		A8678AD318F6AD30009593A8 /* Sport.png */ = {isa = PBXFileReference; lastKnownFileType = image.png; path = Sport.png; sourceTree = "<group>"; };
		A8678AD418F6AD30009593A8 /* Sport@2x.png */ = {isa = PBXFileReference; lastKnownFileType = image.png; path = "Sport@2x.png"; sourceTree = "<group>"; };
		A8678AD518F6AD30009593A8 /* Travel.png */ = {isa = PBXFileReference; lastKnownFileType = image.png; path = Travel.png; sourceTree = "<group>"; };
		A8678AD618F6AD30009593A8 /* Travel@2x.png */ = {isa = PBXFileReference; lastKnownFileType = image.png; path = "Travel@2x.png"; sourceTree = "<group>"; };
		A8678AD718F6AD30009593A8 /* Trips.png */ = {isa = PBXFileReference; lastKnownFileType = image.png; path = Trips.png; sourceTree = "<group>"; };
		A8678AD818F6AD30009593A8 /* Trips@2x.png */ = {isa = PBXFileReference; lastKnownFileType = image.png; path = "Trips@2x.png"; sourceTree = "<group>"; };
		A8678ADA18F6AD30009593A8 /* Gifts.png */ = {isa = PBXFileReference; lastKnownFileType = image.png; path = Gifts.png; sourceTree = "<group>"; };
		A8678ADB18F6AD30009593A8 /* Gifts@2x.png */ = {isa = PBXFileReference; lastKnownFileType = image.png; path = "Gifts@2x.png"; sourceTree = "<group>"; };
		A8678ADC18F6AD30009593A8 /* Renting.png */ = {isa = PBXFileReference; lastKnownFileType = image.png; path = Renting.png; sourceTree = "<group>"; };
		A8678ADD18F6AD30009593A8 /* Renting@2x.png */ = {isa = PBXFileReference; lastKnownFileType = image.png; path = "Renting@2x.png"; sourceTree = "<group>"; };
		A8678ADE18F6AD30009593A8 /* Wages.png */ = {isa = PBXFileReference; lastKnownFileType = image.png; path = Wages.png; sourceTree = "<group>"; };
		A8678ADF18F6AD30009593A8 /* Wages@2x.png */ = {isa = PBXFileReference; lastKnownFileType = image.png; path = "Wages@2x.png"; sourceTree = "<group>"; };
		A8678B1A18F6C423009593A8 /* NewExpenseViewController.h */ = {isa = PBXFileReference; fileEncoding = 4; lastKnownFileType = sourcecode.c.h; path = NewExpenseViewController.h; sourceTree = "<group>"; };
		A8678B1B18F6C423009593A8 /* NewExpenseViewController.m */ = {isa = PBXFileReference; fileEncoding = 4; lastKnownFileType = sourcecode.c.objc; path = NewExpenseViewController.m; sourceTree = "<group>"; };
		A8678B1D18F6CE25009593A8 /* IconCollectionViewCell.h */ = {isa = PBXFileReference; fileEncoding = 4; lastKnownFileType = sourcecode.c.h; path = IconCollectionViewCell.h; sourceTree = "<group>"; };
		A8678B1E18F6CE25009593A8 /* IconCollectionViewCell.m */ = {isa = PBXFileReference; fileEncoding = 4; lastKnownFileType = sourcecode.c.objc; path = IconCollectionViewCell.m; sourceTree = "<group>"; };
		A8678B2418F6DC7D009593A8 /* Energy-Water.png */ = {isa = PBXFileReference; lastKnownFileType = image.png; path = "Energy-Water.png"; sourceTree = "<group>"; };
		A8678B2518F6DC7D009593A8 /* Energy-Water@2x.png */ = {isa = PBXFileReference; lastKnownFileType = image.png; path = "Energy-Water@2x.png"; sourceTree = "<group>"; };
		A88E568F18F7C80B007E70BC /* BudgetControlStartDB.sqlite */ = {isa = PBXFileReference; lastKnownFileType = file; path = BudgetControlStartDB.sqlite; sourceTree = "<group>"; };
		A88E569518F7FFE4007E70BC /* Kids-Stuff.png */ = {isa = PBXFileReference; lastKnownFileType = image.png; path = "Kids-Stuff.png"; sourceTree = "<group>"; };
		A88E569618F7FFE4007E70BC /* Kids-Stuff@2x.png */ = {isa = PBXFileReference; lastKnownFileType = image.png; path = "Kids-Stuff@2x.png"; sourceTree = "<group>"; };
		A8A0694318F4113E00F00ABE /* SetBudgetViewController.h */ = {isa = PBXFileReference; fileEncoding = 4; lastKnownFileType = sourcecode.c.h; path = SetBudgetViewController.h; sourceTree = "<group>"; };
		A8A0694418F4113E00F00ABE /* SetBudgetViewController.m */ = {isa = PBXFileReference; fileEncoding = 4; lastKnownFileType = sourcecode.c.objc; path = SetBudgetViewController.m; sourceTree = "<group>"; };
		A8A0694618F42DBD00F00ABE /* NewIncomeViewController.h */ = {isa = PBXFileReference; fileEncoding = 4; lastKnownFileType = sourcecode.c.h; path = NewIncomeViewController.h; sourceTree = "<group>"; };
		A8A0694718F42DBD00F00ABE /* NewIncomeViewController.m */ = {isa = PBXFileReference; fileEncoding = 4; lastKnownFileType = sourcecode.c.objc; path = NewIncomeViewController.m; sourceTree = "<group>"; };
		A8A0694918F5329800F00ABE /* CDBudget.h */ = {isa = PBXFileReference; fileEncoding = 4; lastKnownFileType = sourcecode.c.h; path = CDBudget.h; sourceTree = "<group>"; };
		A8A0694A18F5329800F00ABE /* CDBudget.m */ = {isa = PBXFileReference; fileEncoding = 4; lastKnownFileType = sourcecode.c.objc; path = CDBudget.m; sourceTree = "<group>"; };
		A8C9359318F82E0A00E239F0 /* borderSelected.png */ = {isa = PBXFileReference; lastKnownFileType = image.png; path = borderSelected.png; sourceTree = "<group>"; };
		A8C9359418F82E0A00E239F0 /* borderSelected@2x.png */ = {isa = PBXFileReference; lastKnownFileType = image.png; path = "borderSelected@2x.png"; sourceTree = "<group>"; };
		A8C9359518F82E0A00E239F0 /* budgetState.png */ = {isa = PBXFileReference; lastKnownFileType = image.png; path = budgetState.png; sourceTree = "<group>"; };
		A8C9359618F82E0A00E239F0 /* budgetState@2x.png */ = {isa = PBXFileReference; lastKnownFileType = image.png; path = "budgetState@2x.png"; sourceTree = "<group>"; };
		A8C9359718F82E0A00E239F0 /* calendar.png */ = {isa = PBXFileReference; lastKnownFileType = image.png; path = calendar.png; sourceTree = "<group>"; };
		A8C9359818F82E0A00E239F0 /* calendar@2x.png */ = {isa = PBXFileReference; lastKnownFileType = image.png; path = "calendar@2x.png"; sourceTree = "<group>"; };
		A8C9359918F82E0A00E239F0 /* expense.png */ = {isa = PBXFileReference; lastKnownFileType = image.png; path = expense.png; sourceTree = "<group>"; };
		A8C9359A18F82E0A00E239F0 /* expense@2x.png */ = {isa = PBXFileReference; lastKnownFileType = image.png; path = "expense@2x.png"; sourceTree = "<group>"; };
		A8C9359B18F82E0A00E239F0 /* menu.png */ = {isa = PBXFileReference; lastKnownFileType = image.png; path = menu.png; sourceTree = "<group>"; };
		A8C9359C18F82E0A00E239F0 /* menu@2x.png */ = {isa = PBXFileReference; lastKnownFileType = image.png; path = "menu@2x.png"; sourceTree = "<group>"; };
		A8C9359D18F82E0A00E239F0 /* settings.png */ = {isa = PBXFileReference; lastKnownFileType = image.png; path = settings.png; sourceTree = "<group>"; };
		A8C9359E18F82E0A00E239F0 /* settings@2x.png */ = {isa = PBXFileReference; lastKnownFileType = image.png; path = "settings@2x.png"; sourceTree = "<group>"; };
		A8C935AB18F8460F00E239F0 /* CategoryElementsViewController.h */ = {isa = PBXFileReference; fileEncoding = 4; lastKnownFileType = sourcecode.c.h; path = CategoryElementsViewController.h; sourceTree = "<group>"; };
		A8C935AC18F8460F00E239F0 /* CategoryElementsViewController.m */ = {isa = PBXFileReference; fileEncoding = 4; lastKnownFileType = sourcecode.c.objc; path = CategoryElementsViewController.m; sourceTree = "<group>"; };
/* End PBXFileReference section */

/* Begin PBXFrameworksBuildPhase section */
		84E9F86118B91BC800F0C9C3 /* Frameworks */ = {
			isa = PBXFrameworksBuildPhase;
			buildActionMask = 2147483647;
			files = (
				A82C178118FD29BE00247BDF /* QuartzCore.framework in Frameworks */,
				84E9F86818B91BC800F0C9C3 /* UIKit.framework in Frameworks */,
				84E9F86A18B91BC800F0C9C3 /* Foundation.framework in Frameworks */,
				84E9F86C18B91BC800F0C9C3 /* CoreGraphics.framework in Frameworks */,
				84E9F86E18B91BC800F0C9C3 /* CoreData.framework in Frameworks */,
				A82C177F18FD297E00247BDF /* libCorePlot-CocoaTouch.a in Frameworks */,
			);
			runOnlyForDeploymentPostprocessing = 0;
		};
/* End PBXFrameworksBuildPhase section */

/* Begin PBXGroup section */
		841A068118CC6D2600D8E98A /* Managers */ = {
			isa = PBXGroup;
			children = (
				841A068218CC784A00D8E98A /* CoreDataManager.h */,
				841A068318CC784A00D8E98A /* CoreDataManager.m */,
			);
			name = Managers;
			sourceTree = "<group>";
		};
		84415E3018B93A380013B301 /* CoreDataModel */ = {
			isa = PBXGroup;
			children = (
				A8A0694918F5329800F00ABE /* CDBudget.h */,
				A8A0694A18F5329800F00ABE /* CDBudget.m */,
				84B109DA18D8C85A00F59102 /* CDExpense.h */,
				84B109DB18D8C85A00F59102 /* CDExpense.m */,
				84B109D418D8C85A00F59102 /* CDExpenseCategory.h */,
				84B109D518D8C85A00F59102 /* CDExpenseCategory.m */,
				84B109D118D8C85A00F59102 /* CDIncome.h */,
				84B109D218D8C85A00F59102 /* CDIncome.m */,
				84B109CE18D8C85A00F59102 /* CDIncomeCategory.h */,
				84B109CF18D8C85A00F59102 /* CDIncomeCategory.m */,
			);
			name = CoreDataModel;
			sourceTree = "<group>";
		};
		84E9F85B18B91BC800F0C9C3 = {
			isa = PBXGroup;
			children = (
				84E9F86F18B91BC800F0C9C3 /* BudgetControl */,
				84E9F86618B91BC800F0C9C3 /* Frameworks */,
				84E9F86518B91BC800F0C9C3 /* Products */,
			);
			sourceTree = "<group>";
		};
		84E9F86518B91BC800F0C9C3 /* Products */ = {
			isa = PBXGroup;
			children = (
				84E9F86418B91BC800F0C9C3 /* BudgetControl.app */,
			);
			name = Products;
			sourceTree = "<group>";
		};
		84E9F86618B91BC800F0C9C3 /* Frameworks */ = {
			isa = PBXGroup;
			children = (
				A82C178018FD29BE00247BDF /* QuartzCore.framework */,
				84E9F86718B91BC800F0C9C3 /* UIKit.framework */,
				84E9F86918B91BC800F0C9C3 /* Foundation.framework */,
				84E9F86B18B91BC800F0C9C3 /* CoreGraphics.framework */,
				84E9F86D18B91BC800F0C9C3 /* CoreData.framework */,
			);
			name = Frameworks;
			sourceTree = "<group>";
		};
		84E9F86F18B91BC800F0C9C3 /* BudgetControl */ = {
			isa = PBXGroup;
			children = (
				A85490EC18F3D144007B4F7F /* Externals */,
				84E9F88918B91BE900F0C9C3 /* Classes */,
				84E9F88A18B91BF800F0C9C3 /* Resourses */,
				84E9F87018B91BC800F0C9C3 /* Supporting Files */,
			);
			path = BudgetControl;
			sourceTree = "<group>";
		};
		84E9F87018B91BC800F0C9C3 /* Supporting Files */ = {
			isa = PBXGroup;
			children = (
				84E9F87118B91BC800F0C9C3 /* BudgetControl-Info.plist */,
				84E9F87218B91BC800F0C9C3 /* InfoPlist.strings */,
				84E9F87518B91BC800F0C9C3 /* main.m */,
				84E9F87718B91BC800F0C9C3 /* BudgetControl-Prefix.pch */,
				84E9F87B18B91BC800F0C9C3 /* Default.png */,
				84E9F87D18B91BC800F0C9C3 /* Default@2x.png */,
				84E9F87F18B91BC800F0C9C3 /* Default-568h@2x.png */,
			);
			name = "Supporting Files";
			sourceTree = "<group>";
		};
		84E9F88918B91BE900F0C9C3 /* Classes */ = {
			isa = PBXGroup;
			children = (
				84E9F88E18B91C8600F0C9C3 /* Defines.h */,
				84E9F87818B91BC800F0C9C3 /* AppDelegate.h */,
				84E9F87918B91BC800F0C9C3 /* AppDelegate.m */,
				84E9F88B18B91C2C00F0C9C3 /* Model */,
				84E9F88C18B91C3400F0C9C3 /* Views */,
				84E9F88D18B91C4000F0C9C3 /* Controllers */,
				84E9F89818B9272F00F0C9C3 /* Settings */,
			);
			name = Classes;
			sourceTree = "<group>";
		};
		84E9F88A18B91BF800F0C9C3 /* Resourses */ = {
			isa = PBXGroup;
			children = (
				A8678AAA18F6AD08009593A8 /* Images */,
				84E9F89318B91F9A00F0C9C3 /* Storyboard.storyboard */,
				84E9F89218B91CE200F0C9C3 /* CoreData */,
				A88E568E18F7C80B007E70BC /* Sqlite */,
			);
			name = Resourses;
			sourceTree = "<group>";
		};
		84E9F88B18B91C2C00F0C9C3 /* Model */ = {
			isa = PBXGroup;
			children = (
				841A068118CC6D2600D8E98A /* Managers */,
				84415E3018B93A380013B301 /* CoreDataModel */,
			);
			name = Model;
			sourceTree = "<group>";
		};
		84E9F88C18B91C3400F0C9C3 /* Views */ = {
			isa = PBXGroup;
			children = (
				A8678AA418F592C2009593A8 /* BudgetCell.h */,
				A8678AA518F592C2009593A8 /* BudgetCell.m */,
				A8678AA718F59FAC009593A8 /* IncomeExpenseCell.h */,
				A8678AA818F59FAC009593A8 /* IncomeExpenseCell.m */,
				A8678B1D18F6CE25009593A8 /* IconCollectionViewCell.h */,
				A8678B1E18F6CE25009593A8 /* IconCollectionViewCell.m */,
				A834E55E18FBEB8A00DE5F54 /* IncomeExpenseTwoCell.h */,
				A834E55F18FBEB8A00DE5F54 /* IncomeExpenseTwoCell.m */,
			);
			name = Views;
			sourceTree = "<group>";
		};
		84E9F88D18B91C4000F0C9C3 /* Controllers */ = {
			isa = PBXGroup;
			children = (
				84E9F88F18B91CB400F0C9C3 /* HomeViewController.h */,
				84E9F89018B91CB400F0C9C3 /* HomeViewController.m */,
				842C08C318BA249C001F2938 /* SettingsViewController.h */,
				842C08C418BA249C001F2938 /* SettingsViewController.m */,
				A8A0694618F42DBD00F00ABE /* NewIncomeViewController.h */,
				A8A0694718F42DBD00F00ABE /* NewIncomeViewController.m */,
				A8A0694318F4113E00F00ABE /* SetBudgetViewController.h */,
				A8A0694418F4113E00F00ABE /* SetBudgetViewController.m */,
				A8678B1A18F6C423009593A8 /* NewExpenseViewController.h */,
				A8678B1B18F6C423009593A8 /* NewExpenseViewController.m */,
				A8C935AB18F8460F00E239F0 /* CategoryElementsViewController.h */,
				A8C935AC18F8460F00E239F0 /* CategoryElementsViewController.m */,
				A82C178218FD2A5000247BDF /* ChartViewController.h */,
				A82C178318FD2A5000247BDF /* ChartViewController.m */,
			);
			name = Controllers;
			sourceTree = "<group>";
		};
		84E9F89218B91CE200F0C9C3 /* CoreData */ = {
			isa = PBXGroup;
			children = (
				84E9F88118B91BC800F0C9C3 /* BudgetControl.xcdatamodeld */,
			);
			name = CoreData;
			sourceTree = "<group>";
		};
		84E9F89818B9272F00F0C9C3 /* Settings */ = {
			isa = PBXGroup;
			children = (
				84E9F89518B9272600F0C9C3 /* Utilities.h */,
				84E9F89618B9272600F0C9C3 /* Utilities.m */,
			);
			name = Settings;
			sourceTree = "<group>";
		};
		A82C172D18FD297E00247BDF /* CorePlot */ = {
			isa = PBXGroup;
			children = (
				A82C172E18FD297E00247BDF /* CorePlotHeaders */,
				A82C177E18FD297E00247BDF /* libCorePlot-CocoaTouch.a */,
			);
			path = CorePlot;
			sourceTree = "<group>";
		};
		A82C172E18FD297E00247BDF /* CorePlotHeaders */ = {
			isa = PBXGroup;
			children = (
				A82C172F18FD297E00247BDF /* _CPTConstraintsFixed.h */,
				A82C173018FD297E00247BDF /* _CPTConstraintsRelative.h */,
				A82C173118FD297E00247BDF /* _CPTDarkGradientTheme.h */,
				A82C173218FD297E00247BDF /* _CPTFillColor.h */,
				A82C173318FD297E00247BDF /* _CPTFillGradient.h */,
				A82C173418FD297E00247BDF /* _CPTFillImage.h */,
				A82C173518FD297E00247BDF /* _CPTPlainBlackTheme.h */,
				A82C173618FD297E00247BDF /* _CPTPlainWhiteTheme.h */,
				A82C173718FD297E00247BDF /* _CPTSlateTheme.h */,
				A82C173818FD297E00247BDF /* _CPTStocksTheme.h */,
				A82C173918FD297E00247BDF /* _CPTXYTheme.h */,
				A82C173A18FD297E00247BDF /* CorePlot-CocoaTouch.h */,
				A82C173B18FD297E00247BDF /* CPTAnnotation.h */,
				A82C173C18FD297E00247BDF /* CPTAnnotationHostLayer.h */,
				A82C173D18FD297E00247BDF /* CPTAxis.h */,
				A82C173E18FD297E00247BDF /* CPTAxisLabel.h */,
				A82C173F18FD297E00247BDF /* CPTAxisLabelGroup.h */,
				A82C174018FD297E00247BDF /* CPTAxisSet.h */,
				A82C174118FD297E00247BDF /* CPTAxisTitle.h */,
				A82C174218FD297E00247BDF /* CPTBarPlot.h */,
				A82C174318FD297E00247BDF /* CPTBorderedLayer.h */,
				A82C174418FD297E00247BDF /* CPTColor.h */,
				A82C174518FD297E00247BDF /* CPTColorSpace.h */,
				A82C174618FD297E00247BDF /* CPTConstraints.h */,
				A82C174718FD297E00247BDF /* CPTDefinitions.h */,
				A82C174818FD297E00247BDF /* CPTExceptions.h */,
				A82C174918FD297E00247BDF /* CPTFill.h */,
				A82C174A18FD297E00247BDF /* CPTGradient.h */,
				A82C174B18FD297E00247BDF /* CPTGraph.h */,
				A82C174C18FD297E00247BDF /* CPTGraphHostingView.h */,
				A82C174D18FD297E00247BDF /* CPTGridLineGroup.h */,
				A82C174E18FD297E00247BDF /* CPTGridLines.h */,
				A82C174F18FD297E00247BDF /* CPTImage.h */,
				A82C175018FD297E00247BDF /* CPTLayer.h */,
				A82C175118FD297E00247BDF /* CPTLayerAnnotation.h */,
				A82C175218FD297E00247BDF /* CPTLegend.h */,
				A82C175318FD297E00247BDF /* CPTLegendEntry.h */,
				A82C175418FD297E00247BDF /* CPTLimitBand.h */,
				A82C175518FD297E00247BDF /* CPTLineCap.h */,
				A82C175618FD297E00247BDF /* CPTLineStyle.h */,
				A82C175718FD297E00247BDF /* CPTMutableLineStyle.h */,
				A82C175818FD297E00247BDF /* CPTMutableNumericData+TypeConversion.h */,
				A82C175918FD297E00247BDF /* CPTMutableNumericData.h */,
				A82C175A18FD297E00247BDF /* CPTMutablePlotRange.h */,
				A82C175B18FD297E00247BDF /* CPTMutableShadow.h */,
				A82C175C18FD297E00247BDF /* CPTMutableTextStyle.h */,
				A82C175D18FD297E00247BDF /* CPTNumericData+TypeConversion.h */,
				A82C175E18FD297E00247BDF /* CPTNumericData.h */,
				A82C175F18FD297E00247BDF /* CPTNumericDataType.h */,
				A82C176018FD297E00247BDF /* CPTPathExtensions.h */,
				A82C176118FD297E00247BDF /* CPTPieChart.h */,
				A82C176218FD297E00247BDF /* CPTPlatformSpecificCategories.h */,
				A82C176318FD297E00247BDF /* CPTPlatformSpecificDefines.h */,
				A82C176418FD297E00247BDF /* CPTPlatformSpecificFunctions.h */,
				A82C176518FD297E00247BDF /* CPTPlot.h */,
				A82C176618FD297E00247BDF /* CPTPlotArea.h */,
				A82C176718FD297E00247BDF /* CPTPlotAreaFrame.h */,
				A82C176818FD297E00247BDF /* CPTPlotGroup.h */,
				A82C176918FD297E00247BDF /* CPTPlotRange.h */,
				A82C176A18FD297E00247BDF /* CPTPlotSpace.h */,
				A82C176B18FD297E00247BDF /* CPTPlotSpaceAnnotation.h */,
				A82C176C18FD297E00247BDF /* CPTPlotSymbol.h */,
				A82C176D18FD297E00247BDF /* CPTRangePlot.h */,
				A82C176E18FD297E00247BDF /* CPTResponder.h */,
				A82C176F18FD297E00247BDF /* CPTScatterPlot.h */,
				A82C177018FD297E00247BDF /* CPTShadow.h */,
				A82C177118FD297E00247BDF /* CPTTextLayer.h */,
				A82C177218FD297E00247BDF /* CPTTextStyle.h */,
				A82C177318FD297E00247BDF /* CPTTheme.h */,
				A82C177418FD297E00247BDF /* CPTTimeFormatter.h */,
				A82C177518FD297E00247BDF /* CPTTradingRangePlot.h */,
				A82C177618FD297E00247BDF /* CPTUtilities.h */,
				A82C177718FD297E00247BDF /* CPTXYAxis.h */,
				A82C177818FD297E00247BDF /* CPTXYAxisSet.h */,
				A82C177918FD297E00247BDF /* CPTXYGraph.h */,
				A82C177A18FD297E00247BDF /* CPTXYPlotSpace.h */,
				A82C177B18FD297E00247BDF /* NSCoderExtensions.h */,
				A82C177C18FD297E00247BDF /* NSDecimalNumberExtensions.h */,
				A82C177D18FD297E00247BDF /* NSNumberExtensions.h */,
			);
			path = CorePlotHeaders;
			sourceTree = "<group>";
		};
		A85490EC18F3D144007B4F7F /* Externals */ = {
			isa = PBXGroup;
			children = (
				A82C172D18FD297E00247BDF /* CorePlot */,
				A85490ED18F3D144007B4F7F /* DebugAndUtils */,
			);
			path = Externals;
			sourceTree = SOURCE_ROOT;
		};
		A85490ED18F3D144007B4F7F /* DebugAndUtils */ = {
			isa = PBXGroup;
			children = (
				A85490EE18F3D144007B4F7F /* MDDebug.h */,
				A85490EF18F3D144007B4F7F /* MDDebugObject.h */,
				A85490F018F3D144007B4F7F /* MDDebugObject.m */,
				A85490F118F3D144007B4F7F /* MDMacros.h */,
				A85490F218F3D144007B4F7F /* MDUtils.h */,
				A85490F318F3D144007B4F7F /* MDUtils.m */,
			);
			path = DebugAndUtils;
			sourceTree = "<group>";
		};
		A8678AAA18F6AD08009593A8 /* Images */ = {
			isa = PBXGroup;
			children = (
				A8678AAB18F6AD30009593A8 /* Icons */,
			);
			name = Images;
			sourceTree = "<group>";
		};
		A8678AAB18F6AD30009593A8 /* Icons */ = {
			isa = PBXGroup;
			children = (
				A8C9359218F82E0A00E239F0 /* General */,
				A8678AAE18F6AD30009593A8 /* ExpensesIcons */,
				A8678AD918F6AD30009593A8 /* IncomeIcons */,
			);
			name = Icons;
			path = Resourses/images/Icons;
			sourceTree = SOURCE_ROOT;
		};
		A8678AAE18F6AD30009593A8 /* ExpensesIcons */ = {
			isa = PBXGroup;
			children = (
				A88E569518F7FFE4007E70BC /* Kids-Stuff.png */,
				A88E569618F7FFE4007E70BC /* Kids-Stuff@2x.png */,
				A8678B2418F6DC7D009593A8 /* Energy-Water.png */,
				A8678B2518F6DC7D009593A8 /* Energy-Water@2x.png */,
				A8678AAF18F6AD30009593A8 /* Books.png */,
				A8678AB018F6AD30009593A8 /* Books@2x.png */,
				A8678AB118F6AD30009593A8 /* Car.png */,
				A8678AB218F6AD30009593A8 /* Car@2x.png */,
				A8678AB318F6AD30009593A8 /* Clothes.png */,
				A8678AB418F6AD30009593A8 /* Clothes@2x.png */,
				A8678AB518F6AD30009593A8 /* Education.png */,
				A8678AB618F6AD30009593A8 /* Education@2x.png */,
				A8678AB918F6AD30009593A8 /* Food.png */,
				A8678ABA18F6AD30009593A8 /* Food@2x.png */,
				A8678ABB18F6AD30009593A8 /* Friends.png */,
				A8678ABC18F6AD30009593A8 /* Friends@2x.png */,
				A8678ABD18F6AD30009593A8 /* Fuel.png */,
				A8678ABE18F6AD30009593A8 /* Fuel@2x.png */,
				A8678ABF18F6AD30009593A8 /* General.png */,
				A8678AC018F6AD30009593A8 /* General@2x.png */,
				A8678AC118F6AD30009593A8 /* Health.png */,
				A8678AC218F6AD30009593A8 /* Health@2x.png */,
				A8678AC318F6AD30009593A8 /* House.png */,
				A8678AC418F6AD30009593A8 /* House@2x.png */,
				A8678AC518F6AD30009593A8 /* Insurances.png */,
				A8678AC618F6AD30009593A8 /* Insurances@2x.png */,
				A8678AC918F6AD30009593A8 /* Leisure.png */,
				A8678ACA18F6AD30009593A8 /* Leisure@2x.png */,
				A8678ACB18F6AD30009593A8 /* menu.png */,
				A8678ACC18F6AD30009593A8 /* menu@2x.png */,
				A8678ACD18F6AD30009593A8 /* Music.png */,
				A8678ACE18F6AD30009593A8 /* Music@2x.png */,
				A8678ACF18F6AD30009593A8 /* Pets.png */,
				A8678AD018F6AD30009593A8 /* Pets@2x.png */,
				A8678AD118F6AD30009593A8 /* Rent.png */,
				A8678AD218F6AD30009593A8 /* Rent@2x.png */,
				A8678AD318F6AD30009593A8 /* Sport.png */,
				A8678AD418F6AD30009593A8 /* Sport@2x.png */,
				A8678AD518F6AD30009593A8 /* Travel.png */,
				A8678AD618F6AD30009593A8 /* Travel@2x.png */,
				A8678AD718F6AD30009593A8 /* Trips.png */,
				A8678AD818F6AD30009593A8 /* Trips@2x.png */,
			);
			path = ExpensesIcons;
			sourceTree = "<group>";
		};
		A8678AD918F6AD30009593A8 /* IncomeIcons */ = {
			isa = PBXGroup;
			children = (
				A8678ADA18F6AD30009593A8 /* Gifts.png */,
				A8678ADB18F6AD30009593A8 /* Gifts@2x.png */,
				A8678ADC18F6AD30009593A8 /* Renting.png */,
				A8678ADD18F6AD30009593A8 /* Renting@2x.png */,
				A8678ADE18F6AD30009593A8 /* Wages.png */,
				A8678ADF18F6AD30009593A8 /* Wages@2x.png */,
			);
			path = IncomeIcons;
			sourceTree = "<group>";
		};
		A88E568E18F7C80B007E70BC /* Sqlite */ = {
			isa = PBXGroup;
			children = (
				A88E568F18F7C80B007E70BC /* BudgetControlStartDB.sqlite */,
			);
			name = Sqlite;
			path = Resourses/Sqlite;
			sourceTree = SOURCE_ROOT;
		};
		A8C9359218F82E0A00E239F0 /* General */ = {
			isa = PBXGroup;
			children = (
				A834E55718FBE5B400DE5F54 /* chart.png */,
				A834E55818FBE5B400DE5F54 /* chart@2x.png */,
				A834E55318FBCC1500DE5F54 /* income.png */,
				A834E55418FBCC1500DE5F54 /* income@2x.png */,
				A8C9359318F82E0A00E239F0 /* borderSelected.png */,
				A8C9359418F82E0A00E239F0 /* borderSelected@2x.png */,
				A8C9359518F82E0A00E239F0 /* budgetState.png */,
				A8C9359618F82E0A00E239F0 /* budgetState@2x.png */,
				A8C9359718F82E0A00E239F0 /* calendar.png */,
				A8C9359818F82E0A00E239F0 /* calendar@2x.png */,
				A8C9359918F82E0A00E239F0 /* expense.png */,
				A8C9359A18F82E0A00E239F0 /* expense@2x.png */,
				A8C9359B18F82E0A00E239F0 /* menu.png */,
				A8C9359C18F82E0A00E239F0 /* menu@2x.png */,
				A8C9359D18F82E0A00E239F0 /* settings.png */,
				A8C9359E18F82E0A00E239F0 /* settings@2x.png */,
			);
			path = General;
			sourceTree = "<group>";
		};
/* End PBXGroup section */

/* Begin PBXNativeTarget section */
		84E9F86318B91BC800F0C9C3 /* BudgetControl */ = {
			isa = PBXNativeTarget;
			buildConfigurationList = 84E9F88618B91BC900F0C9C3 /* Build configuration list for PBXNativeTarget "BudgetControl" */;
			buildPhases = (
				84E9F86018B91BC800F0C9C3 /* Sources */,
				84E9F86118B91BC800F0C9C3 /* Frameworks */,
				84E9F86218B91BC800F0C9C3 /* Resources */,
			);
			buildRules = (
			);
			dependencies = (
			);
			name = BudgetControl;
			productName = BudgetControl;
			productReference = 84E9F86418B91BC800F0C9C3 /* BudgetControl.app */;
			productType = "com.apple.product-type.application";
		};
/* End PBXNativeTarget section */

/* Begin PBXProject section */
		84E9F85C18B91BC800F0C9C3 /* Project object */ = {
			isa = PBXProject;
			attributes = {
				LastUpgradeCheck = 0460;
				ORGANIZATIONNAME = Roma;
			};
			buildConfigurationList = 84E9F85F18B91BC800F0C9C3 /* Build configuration list for PBXProject "BudgetControl" */;
			compatibilityVersion = "Xcode 3.2";
			developmentRegion = English;
			hasScannedForEncodings = 0;
			knownRegions = (
				en,
			);
			mainGroup = 84E9F85B18B91BC800F0C9C3;
			productRefGroup = 84E9F86518B91BC800F0C9C3 /* Products */;
			projectDirPath = "";
			projectRoot = "";
			targets = (
				84E9F86318B91BC800F0C9C3 /* BudgetControl */,
			);
		};
/* End PBXProject section */

/* Begin PBXResourcesBuildPhase section */
		84E9F86218B91BC800F0C9C3 /* Resources */ = {
			isa = PBXResourcesBuildPhase;
			buildActionMask = 2147483647;
			files = (
				A8678AEC18F6AD30009593A8 /* Education.png in Resources */,
				A8678AF418F6AD30009593A8 /* Fuel.png in Resources */,
				A8678B0018F6AD30009593A8 /* Leisure.png in Resources */,
				A8678B2618F6DC7D009593A8 /* Energy-Water.png in Resources */,
				A8C935A118F82E0A00E239F0 /* budgetState.png in Resources */,
				A8678B2718F6DC7D009593A8 /* Energy-Water@2x.png in Resources */,
				A8678B1118F6AD30009593A8 /* Gifts@2x.png in Resources */,
				A8678AE818F6AD30009593A8 /* Car.png in Resources */,
				A8678AF518F6AD30009593A8 /* Fuel@2x.png in Resources */,
				A8C935A518F82E0A00E239F0 /* expense.png in Resources */,
				A88E569018F7C80B007E70BC /* BudgetControlStartDB.sqlite in Resources */,
				A8C935A718F82E0A00E239F0 /* menu.png in Resources */,
				A8C9359F18F82E0A00E239F0 /* borderSelected.png in Resources */,
				A8678AFA18F6AD30009593A8 /* House.png in Resources */,
				A8678B0F18F6AD30009593A8 /* Trips@2x.png in Resources */,
				A8678B1318F6AD30009593A8 /* Renting@2x.png in Resources */,
				A8678B0618F6AD30009593A8 /* Pets.png in Resources */,
				A8678AF118F6AD30009593A8 /* Food@2x.png in Resources */,
				84E9F87418B91BC800F0C9C3 /* InfoPlist.strings in Resources */,
				A8678B0518F6AD30009593A8 /* Music@2x.png in Resources */,
				A8678AE718F6AD30009593A8 /* Books@2x.png in Resources */,
				A834E55918FBE5B400DE5F54 /* chart.png in Resources */,
				A8678B0818F6AD30009593A8 /* Rent.png in Resources */,
				A8678AFC18F6AD30009593A8 /* Insurances.png in Resources */,
				A8678B0418F6AD30009593A8 /* Music.png in Resources */,
				A8678B0318F6AD30009593A8 /* menu@2x.png in Resources */,
				A834E55618FBCC1500DE5F54 /* income@2x.png in Resources */,
				A8678B0118F6AD30009593A8 /* Leisure@2x.png in Resources */,
				A8678AEA18F6AD30009593A8 /* Clothes.png in Resources */,
				A8678AE618F6AD30009593A8 /* Books.png in Resources */,
				A8678B0A18F6AD30009593A8 /* Sport.png in Resources */,
				A8C935A818F82E0A00E239F0 /* menu@2x.png in Resources */,
				A834E55518FBCC1500DE5F54 /* income.png in Resources */,
				A8678AFB18F6AD30009593A8 /* House@2x.png in Resources */,
				A8678AF318F6AD30009593A8 /* Friends@2x.png in Resources */,
				A8678AFD18F6AD30009593A8 /* Insurances@2x.png in Resources */,
				A8678AE918F6AD30009593A8 /* Car@2x.png in Resources */,
				A8678B0218F6AD30009593A8 /* menu.png in Resources */,
				A8678AED18F6AD30009593A8 /* Education@2x.png in Resources */,
				A8C935A918F82E0A00E239F0 /* settings.png in Resources */,
				A8678AF018F6AD30009593A8 /* Food.png in Resources */,
				A8C935A418F82E0A00E239F0 /* calendar@2x.png in Resources */,
				A8C935A018F82E0A00E239F0 /* borderSelected@2x.png in Resources */,
				84E9F87C18B91BC800F0C9C3 /* Default.png in Resources */,
				A8678B1518F6AD30009593A8 /* Wages@2x.png in Resources */,
				A8678B0E18F6AD30009593A8 /* Trips.png in Resources */,
				A8678B1218F6AD30009593A8 /* Renting.png in Resources */,
				A8678AF718F6AD30009593A8 /* General@2x.png in Resources */,
				A8678B0918F6AD30009593A8 /* Rent@2x.png in Resources */,
				A8678B1018F6AD30009593A8 /* Gifts.png in Resources */,
				A8678AEB18F6AD30009593A8 /* Clothes@2x.png in Resources */,
				A8678B0B18F6AD30009593A8 /* Sport@2x.png in Resources */,
				A8678B0718F6AD30009593A8 /* Pets@2x.png in Resources */,
				A834E55A18FBE5B400DE5F54 /* chart@2x.png in Resources */,
				A8C935A618F82E0A00E239F0 /* expense@2x.png in Resources */,
				A8C935A218F82E0A00E239F0 /* budgetState@2x.png in Resources */,
				A8678AF918F6AD30009593A8 /* Health@2x.png in Resources */,
				84E9F87E18B91BC800F0C9C3 /* Default@2x.png in Resources */,
				A8678B1418F6AD30009593A8 /* Wages.png in Resources */,
				A8C935AA18F82E0A00E239F0 /* settings@2x.png in Resources */,
				84E9F88018B91BC800F0C9C3 /* Default-568h@2x.png in Resources */,
				A88E569818F7FFE4007E70BC /* Kids-Stuff@2x.png in Resources */,
				A8678AF818F6AD30009593A8 /* Health.png in Resources */,
				A8678AF618F6AD30009593A8 /* General.png in Resources */,
				A88E569718F7FFE4007E70BC /* Kids-Stuff.png in Resources */,
				A8678AF218F6AD30009593A8 /* Friends.png in Resources */,
				A8678B0C18F6AD30009593A8 /* Travel.png in Resources */,
				84E9F89418B91F9A00F0C9C3 /* Storyboard.storyboard in Resources */,
				A8C935A318F82E0A00E239F0 /* calendar.png in Resources */,
				A8678B0D18F6AD30009593A8 /* Travel@2x.png in Resources */,
			);
			runOnlyForDeploymentPostprocessing = 0;
		};
/* End PBXResourcesBuildPhase section */

/* Begin PBXSourcesBuildPhase section */
		84E9F86018B91BC800F0C9C3 /* Sources */ = {
			isa = PBXSourcesBuildPhase;
			buildActionMask = 2147483647;
			files = (
				A8C935AD18F8460F00E239F0 /* CategoryElementsViewController.m in Sources */,
				84E9F87618B91BC800F0C9C3 /* main.m in Sources */,
				84E9F87A18B91BC800F0C9C3 /* AppDelegate.m in Sources */,
				84E9F88318B91BC900F0C9C3 /* BudgetControl.xcdatamodeld in Sources */,
				84E9F89118B91CB400F0C9C3 /* HomeViewController.m in Sources */,
				84E9F89718B9272600F0C9C3 /* Utilities.m in Sources */,
				A82C178418FD2A5000247BDF /* ChartViewController.m in Sources */,
				A8678B1C18F6C423009593A8 /* NewExpenseViewController.m in Sources */,
				A85490F418F3D144007B4F7F /* MDDebugObject.m in Sources */,
				842C08C518BA249C001F2938 /* SettingsViewController.m in Sources */,
				841A068418CC784A00D8E98A /* CoreDataManager.m in Sources */,
				A8A0694818F42DBD00F00ABE /* NewIncomeViewController.m in Sources */,
				A8A0694B18F5329800F00ABE /* CDBudget.m in Sources */,
				84B109D018D8C85A00F59102 /* CDIncomeCategory.m in Sources */,
				A8678AA618F592C2009593A8 /* BudgetCell.m in Sources */,
				A8A0694518F4113E00F00ABE /* SetBudgetViewController.m in Sources */,
				84B109D318D8C85A00F59102 /* CDIncome.m in Sources */,
				A834E56018FBEB8A00DE5F54 /* IncomeExpenseTwoCell.m in Sources */,
				A8678B1F18F6CE25009593A8 /* IconCollectionViewCell.m in Sources */,
				84B109D618D8C85A00F59102 /* CDExpenseCategory.m in Sources */,
				A8678AA918F59FAC009593A8 /* IncomeExpenseCell.m in Sources */,
				A85490F518F3D144007B4F7F /* MDUtils.m in Sources */,
				84B109DC18D8C85A00F59102 /* CDExpense.m in Sources */,
			);
			runOnlyForDeploymentPostprocessing = 0;
		};
/* End PBXSourcesBuildPhase section */

/* Begin PBXVariantGroup section */
		84E9F87218B91BC800F0C9C3 /* InfoPlist.strings */ = {
			isa = PBXVariantGroup;
			children = (
				84E9F87318B91BC800F0C9C3 /* en */,
			);
			name = InfoPlist.strings;
			sourceTree = "<group>";
		};
/* End PBXVariantGroup section */

/* Begin XCBuildConfiguration section */
		84E9F88418B91BC900F0C9C3 /* Debug */ = {
			isa = XCBuildConfiguration;
			buildSettings = {
				ALWAYS_SEARCH_USER_PATHS = NO;
				CLANG_CXX_LANGUAGE_STANDARD = "gnu++0x";
				CLANG_CXX_LIBRARY = "libc++";
				CLANG_ENABLE_OBJC_ARC = YES;
				CLANG_WARN_CONSTANT_CONVERSION = YES;
				CLANG_WARN_EMPTY_BODY = YES;
				CLANG_WARN_ENUM_CONVERSION = YES;
				CLANG_WARN_INT_CONVERSION = YES;
				CLANG_WARN__DUPLICATE_METHOD_MATCH = YES;
				"CODE_SIGN_IDENTITY[sdk=iphoneos*]" = "iPhone Developer";
				COPY_PHASE_STRIP = NO;
				GCC_C_LANGUAGE_STANDARD = gnu99;
				GCC_DYNAMIC_NO_PIC = NO;
				GCC_OPTIMIZATION_LEVEL = 0;
				GCC_PREPROCESSOR_DEFINITIONS = (
					"DEBUG=1",
					"$(inherited)",
				);
				GCC_SYMBOLS_PRIVATE_EXTERN = NO;
				GCC_WARN_ABOUT_RETURN_TYPE = YES;
				GCC_WARN_UNINITIALIZED_AUTOS = YES;
				GCC_WARN_UNUSED_VARIABLE = YES;
				IPHONEOS_DEPLOYMENT_TARGET = 6.1;
				ONLY_ACTIVE_ARCH = YES;
				SDKROOT = iphoneos;
				TARGETED_DEVICE_FAMILY = "1,2";
			};
			name = Debug;
		};
		84E9F88518B91BC900F0C9C3 /* Release */ = {
			isa = XCBuildConfiguration;
			buildSettings = {
				ALWAYS_SEARCH_USER_PATHS = NO;
				CLANG_CXX_LANGUAGE_STANDARD = "gnu++0x";
				CLANG_CXX_LIBRARY = "libc++";
				CLANG_ENABLE_OBJC_ARC = YES;
				CLANG_WARN_CONSTANT_CONVERSION = YES;
				CLANG_WARN_EMPTY_BODY = YES;
				CLANG_WARN_ENUM_CONVERSION = YES;
				CLANG_WARN_INT_CONVERSION = YES;
				CLANG_WARN__DUPLICATE_METHOD_MATCH = YES;
				"CODE_SIGN_IDENTITY[sdk=iphoneos*]" = "iPhone Developer";
				COPY_PHASE_STRIP = YES;
				GCC_C_LANGUAGE_STANDARD = gnu99;
				GCC_WARN_ABOUT_RETURN_TYPE = YES;
				GCC_WARN_UNINITIALIZED_AUTOS = YES;
				GCC_WARN_UNUSED_VARIABLE = YES;
				IPHONEOS_DEPLOYMENT_TARGET = 6.1;
				OTHER_CFLAGS = "-DNS_BLOCK_ASSERTIONS=1";
				SDKROOT = iphoneos;
				TARGETED_DEVICE_FAMILY = "1,2";
				VALIDATE_PRODUCT = YES;
			};
			name = Release;
		};
		84E9F88718B91BC900F0C9C3 /* Debug */ = {
			isa = XCBuildConfiguration;
			buildSettings = {
				GCC_PRECOMPILE_PREFIX_HEADER = YES;
				GCC_PREFIX_HEADER = "BudgetControl/BudgetControl-Prefix.pch";
				INFOPLIST_FILE = "BudgetControl/BudgetControl-Info.plist";
				LIBRARY_SEARCH_PATHS = (
					"$(inherited)",
					"$(PROJECT_DIR)/Externals/CorePlot",
				);
				"OTHER_LDFLAGS[arch=*]" = "-ObjC";
				PRODUCT_NAME = "$(TARGET_NAME)";
				WRAPPER_EXTENSION = app;
			};
			name = Debug;
		};
		84E9F88818B91BC900F0C9C3 /* Release */ = {
			isa = XCBuildConfiguration;
			buildSettings = {
				GCC_PRECOMPILE_PREFIX_HEADER = YES;
				GCC_PREFIX_HEADER = "BudgetControl/BudgetControl-Prefix.pch";
				INFOPLIST_FILE = "BudgetControl/BudgetControl-Info.plist";
				LIBRARY_SEARCH_PATHS = (
					"$(inherited)",
					"$(PROJECT_DIR)/Externals/CorePlot",
				);
				"OTHER_LDFLAGS[arch=*]" = "-ObjC";
				PRODUCT_NAME = "$(TARGET_NAME)";
				WRAPPER_EXTENSION = app;
			};
			name = Release;
		};
/* End XCBuildConfiguration section */

/* Begin XCConfigurationList section */
		84E9F85F18B91BC800F0C9C3 /* Build configuration list for PBXProject "BudgetControl" */ = {
			isa = XCConfigurationList;
			buildConfigurations = (
				84E9F88418B91BC900F0C9C3 /* Debug */,
				84E9F88518B91BC900F0C9C3 /* Release */,
			);
			defaultConfigurationIsVisible = 0;
			defaultConfigurationName = Release;
		};
		84E9F88618B91BC900F0C9C3 /* Build configuration list for PBXNativeTarget "BudgetControl" */ = {
			isa = XCConfigurationList;
			buildConfigurations = (
				84E9F88718B91BC900F0C9C3 /* Debug */,
				84E9F88818B91BC900F0C9C3 /* Release */,
			);
			defaultConfigurationIsVisible = 0;
			defaultConfigurationName = Release;
		};
/* End XCConfigurationList section */

/* Begin XCVersionGroup section */
		84E9F88118B91BC800F0C9C3 /* BudgetControl.xcdatamodeld */ = {
			isa = XCVersionGroup;
			children = (
				84E9F88218B91BC800F0C9C3 /* BudgetControl.xcdatamodel */,
			);
			currentVersion = 84E9F88218B91BC800F0C9C3 /* BudgetControl.xcdatamodel */;
			path = BudgetControl.xcdatamodeld;
			sourceTree = "<group>";
			versionGroupType = wrapper.xcdatamodel;
		};
/* End XCVersionGroup section */
	};
	rootObject = 84E9F85C18B91BC800F0C9C3 /* Project object */;
}
